// !$*UTF8*$!
{
	archiveVersion = 1;
	classes = {
	};
	objectVersion = 46;
	objects = {

/* Begin PBXBuildFile section */
		C0072C6E191BC474000254A8 /* AssetsLibrary.framework in Frameworks */ = {isa = PBXBuildFile; fileRef = C0072C6D191BC474000254A8 /* AssetsLibrary.framework */; };
		C0072C71191BCE62000254A8 /* UIImage+Resize.m in Sources */ = {isa = PBXBuildFile; fileRef = C0072C70191BCE62000254A8 /* UIImage+Resize.m */; };
		C0072C7A191BD249000254A8 /* Step.m in Sources */ = {isa = PBXBuildFile; fileRef = C0072C79191BD249000254A8 /* Step.m */; };
		C023021B192A5870006DEF7A /* AcousticModelEnglish.bundle in Resources */ = {isa = PBXBuildFile; fileRef = C0230219192A5870006DEF7A /* AcousticModelEnglish.bundle */; };
		C023021C192A5870006DEF7A /* AcousticModelSpanish.bundle in Resources */ = {isa = PBXBuildFile; fileRef = C023021A192A5870006DEF7A /* AcousticModelSpanish.bundle */; };
		C0270120192A3B3000F954EA /* AVFoundation.framework in Frameworks */ = {isa = PBXBuildFile; fileRef = C027011F192A3B3000F954EA /* AVFoundation.framework */; };
		C0270122192A3B4300F954EA /* AudioToolbox.framework in Frameworks */ = {isa = PBXBuildFile; fileRef = C0270121192A3B4300F954EA /* AudioToolbox.framework */; };
		C0270133192A3E2700F954EA /* ListeningController.m in Sources */ = {isa = PBXBuildFile; fileRef = C0270132192A3E2700F954EA /* ListeningController.m */; };
		C0270137192A3E5000F954EA /* languageOpenEars.m in Sources */ = {isa = PBXBuildFile; fileRef = C0270136192A3E5000F954EA /* languageOpenEars.m */; };
		C027013A192A3E7F00F954EA /* dialogController.m in Sources */ = {isa = PBXBuildFile; fileRef = C0270139192A3E7F00F954EA /* dialogController.m */; };
		C02BEAA6190E9F810092426E /* voiceSettingsViewController.m in Sources */ = {isa = PBXBuildFile; fileRef = C02BEAA5190E9F810092426E /* voiceSettingsViewController.m */; };
		C02BEAAA190EA0EC0092426E /* SpeakingController.m in Sources */ = {isa = PBXBuildFile; fileRef = C02BEAA9190EA0EC0092426E /* SpeakingController.m */; };
		C02BEAAE190EA10E0092426E /* voice.m in Sources */ = {isa = PBXBuildFile; fileRef = C02BEAAD190EA10E0092426E /* voice.m */; };
		C02BFBA01918192700F6A035 /* CoreData.framework in Frameworks */ = {isa = PBXBuildFile; fileRef = C02D55321917F95F006955E7 /* CoreData.framework */; };
		C02BFBA219190D7500F6A035 /* Guide+Addendums.m in Sources */ = {isa = PBXBuildFile; fileRef = C02BFBA119190D7500F6A035 /* Guide+Addendums.m */; };
		C02BFBA619193D4300F6A035 /* titleView.m in Sources */ = {isa = PBXBuildFile; fileRef = C02BFBA519193D4300F6A035 /* titleView.m */; };
		C02BFBAB19195F6D00F6A035 /* stepView.m in Sources */ = {isa = PBXBuildFile; fileRef = C02BFBAA19195F6D00F6A035 /* stepView.m */; };
		C02D55331917F95F006955E7 /* CoreData.framework in Frameworks */ = {isa = PBXBuildFile; fileRef = C02D55321917F95F006955E7 /* CoreData.framework */; };
		C035E9A219310E0000DBBE4A /* UITextField+SlideViews.m in Sources */ = {isa = PBXBuildFile; fileRef = C035E9A119310E0000DBBE4A /* UITextField+SlideViews.m */; };
		C035E9A5193115B200DBBE4A /* UITextView+SlideViews.m in Sources */ = {isa = PBXBuildFile; fileRef = C035E9A4193115B200DBBE4A /* UITextView+SlideViews.m */; };
		C03D6B4E1911832A00CC213B /* ArrayDataSource.m in Sources */ = {isa = PBXBuildFile; fileRef = C03D6B4D1911832A00CC213B /* ArrayDataSource.m */; };
		C0443FAD1955D229006ADA60 /* PFGuideTest.m in Sources */ = {isa = PBXBuildFile; fileRef = C0443FAC1955D229006ADA60 /* PFGuideTest.m */; };
		C0443FB019570FA4006ADA60 /* parseDataSource.m in Sources */ = {isa = PBXBuildFile; fileRef = C0443FAF19570FA4006ADA60 /* parseDataSource.m */; };
		C045B72F194F7B5300DE2B08 /* PFGuide.m in Sources */ = {isa = PBXBuildFile; fileRef = C045B72E194F7B5300DE2B08 /* PFGuide.m */; };
		C045B732194FE31300DE2B08 /* ShareController.m in Sources */ = {isa = PBXBuildFile; fileRef = C045B731194FE31300DE2B08 /* ShareController.m */; };
		C045B734194FF0F800DE2B08 /* ShareControllerTest.m in Sources */ = {isa = PBXBuildFile; fileRef = C045B733194FF0F800DE2B08 /* ShareControllerTest.m */; };
		C046D84419180B5800212B5E /* GuideModel.xcdatamodeld in Sources */ = {isa = PBXBuildFile; fileRef = C046D84219180B5800212B5E /* GuideModel.xcdatamodeld */; };
		C046D85319180F6300212B5E /* Guide+Addendums.m in Sources */ = {isa = PBXBuildFile; fileRef = C046D85219180F6300212B5E /* Guide+Addendums.m */; };
		C046D85619180F9300212B5E /* Step+Addendums.m in Sources */ = {isa = PBXBuildFile; fileRef = C046D85519180F9300212B5E /* Step+Addendums.m */; };
		C046D85919180FB500212B5E /* Photo+Addendums.m in Sources */ = {isa = PBXBuildFile; fileRef = C046D85819180FB500212B5E /* Photo+Addendums.m */; };
		C047761D190848250085833C /* GuideDetailViewController.m in Sources */ = {isa = PBXBuildFile; fileRef = C047761C190848250085833C /* GuideDetailViewController.m */; };
		C067BEB9192FCA0E00996DF8 /* EditGuideViewController.m in Sources */ = {isa = PBXBuildFile; fileRef = C067BEB8192FCA0E00996DF8 /* EditGuideViewController.m */; };
		C067BEBC192FDBB500996DF8 /* guideCell.m in Sources */ = {isa = PBXBuildFile; fileRef = C067BEBB192FDBB500996DF8 /* guideCell.m */; };
		C06B50EB192434E0002EF96C /* fetchedResultsDataSource.m in Sources */ = {isa = PBXBuildFile; fileRef = C06B50EA192434E0002EF96C /* fetchedResultsDataSource.m */; };
		C06E4A40191EBE7800093160 /* Guide.m in Sources */ = {isa = PBXBuildFile; fileRef = C06E4A3F191EBE7800093160 /* Guide.m */; };
		C06E4A43191EE64800093160 /* ALAssetsLibrary+CustomPhotoAlbum.m in Sources */ = {isa = PBXBuildFile; fileRef = C06E4A42191EE64800093160 /* ALAssetsLibrary+CustomPhotoAlbum.m */; };
		C080B7F51947379D0092BC91 /* Photo.m in Sources */ = {isa = PBXBuildFile; fileRef = C080B7F41947379D0092BC91 /* Photo.m */; };
		C08B144D192A8D2C00E70FCF /* Rejecto.framework in Frameworks */ = {isa = PBXBuildFile; fileRef = C08B144C192A8D2C00E70FCF /* Rejecto.framework */; };
		C08B3111193E14E000CE49F9 /* EditGuideViewControllerTest.m in Sources */ = {isa = PBXBuildFile; fileRef = C08B3110193E14E000CE49F9 /* EditGuideViewControllerTest.m */; };
		C0B0F2A51916AEDB00CD8114 /* stepCell.m in Sources */ = {isa = PBXBuildFile; fileRef = C0B0F2A41916AEDB00CD8114 /* stepCell.m */; };
		C0B0F2A81916B7E300CD8114 /* UIView+SuperView.m in Sources */ = {isa = PBXBuildFile; fileRef = C0B0F2A71916B7E300CD8114 /* UIView+SuperView.m */; };
		C0BC64B9190D85D6002F42D1 /* previewViewController.m in Sources */ = {isa = PBXBuildFile; fileRef = C0BC64B8190D85D6002F42D1 /* previewViewController.m */; };
		C0BE98B01913D0B300C2990E /* ArrayDataSourceTest.m in Sources */ = {isa = PBXBuildFile; fileRef = C0BE98AF1913D0B300C2990E /* ArrayDataSourceTest.m */; };
		C0BE98C91913E87F00C2990E /* libOCMock.a in Frameworks */ = {isa = PBXBuildFile; fileRef = C0BE98C81913E87F00C2990E /* libOCMock.a */; };
		C0D898B31959BCBF00ED251C /* PFPhoto.m in Sources */ = {isa = PBXBuildFile; fileRef = C0D898B21959BCBF00ED251C /* PFPhoto.m */; };
		C0DCB1721905D9F400E29DBB /* Foundation.framework in Frameworks */ = {isa = PBXBuildFile; fileRef = C0DCB1711905D9F400E29DBB /* Foundation.framework */; };
		C0DCB1741905D9F400E29DBB /* CoreGraphics.framework in Frameworks */ = {isa = PBXBuildFile; fileRef = C0DCB1731905D9F400E29DBB /* CoreGraphics.framework */; };
		C0DCB1761905D9F400E29DBB /* UIKit.framework in Frameworks */ = {isa = PBXBuildFile; fileRef = C0DCB1751905D9F400E29DBB /* UIKit.framework */; };
		C0DCB17C1905D9F400E29DBB /* InfoPlist.strings in Resources */ = {isa = PBXBuildFile; fileRef = C0DCB17A1905D9F400E29DBB /* InfoPlist.strings */; };
		C0DCB17E1905D9F400E29DBB /* main.m in Sources */ = {isa = PBXBuildFile; fileRef = C0DCB17D1905D9F400E29DBB /* main.m */; };
		C0DCB1821905D9F400E29DBB /* TalkListAppDelegate.m in Sources */ = {isa = PBXBuildFile; fileRef = C0DCB1811905D9F400E29DBB /* TalkListAppDelegate.m */; };
		C0DCB1851905D9F400E29DBB /* Main_iPhone.storyboard in Resources */ = {isa = PBXBuildFile; fileRef = C0DCB1831905D9F400E29DBB /* Main_iPhone.storyboard */; };
		C0DCB1881905D9F400E29DBB /* Main_iPad.storyboard in Resources */ = {isa = PBXBuildFile; fileRef = C0DCB1861905D9F400E29DBB /* Main_iPad.storyboard */; };
		C0DCB18B1905D9F400E29DBB /* TalkListViewController.m in Sources */ = {isa = PBXBuildFile; fileRef = C0DCB18A1905D9F400E29DBB /* TalkListViewController.m */; };
		C0DCB18D1905D9F400E29DBB /* Images.xcassets in Resources */ = {isa = PBXBuildFile; fileRef = C0DCB18C1905D9F400E29DBB /* Images.xcassets */; };
		C0DCB1941905D9F400E29DBB /* XCTest.framework in Frameworks */ = {isa = PBXBuildFile; fileRef = C0DCB1931905D9F400E29DBB /* XCTest.framework */; };
		C0DCB1951905D9F400E29DBB /* Foundation.framework in Frameworks */ = {isa = PBXBuildFile; fileRef = C0DCB1711905D9F400E29DBB /* Foundation.framework */; };
		C0DCB1961905D9F400E29DBB /* UIKit.framework in Frameworks */ = {isa = PBXBuildFile; fileRef = C0DCB1751905D9F400E29DBB /* UIKit.framework */; };
		C0DCB19E1905D9F400E29DBB /* InfoPlist.strings in Resources */ = {isa = PBXBuildFile; fileRef = C0DCB19C1905D9F400E29DBB /* InfoPlist.strings */; };
		C0DCB1AB1905E22100E29DBB /* CatagoriesViewController.m in Sources */ = {isa = PBXBuildFile; fileRef = C0DCB1AA1905E22100E29DBB /* CatagoriesViewController.m */; };
		C0DCB1AE1905F01900E29DBB /* CategoryTableViewController.m in Sources */ = {isa = PBXBuildFile; fileRef = C0DCB1AD1905F01900E29DBB /* CategoryTableViewController.m */; };
		C0DE5A391938BFFA00909BD5 /* ReadMe.md in Resources */ = {isa = PBXBuildFile; fileRef = C0DE5A381938BFFA00909BD5 /* ReadMe.md */; };
		C0E24E6F192A5A4B00C4F35A /* OpenEars.framework in Frameworks */ = {isa = PBXBuildFile; fileRef = C0E24E6E192A5A4B00C4F35A /* OpenEars.framework */; };
		C0E24E71192A5A5900C4F35A /* Slt.framework in Frameworks */ = {isa = PBXBuildFile; fileRef = C0E24E70192A5A5900C4F35A /* Slt.framework */; };
		C0E9A1411941F1FD001C65DE /* UIImageView+SlideViews.m in Sources */ = {isa = PBXBuildFile; fileRef = C0E9A1401941F1FD001C65DE /* UIImageView+SlideViews.m */; };
		C0ECA732195507D000EF98AA /* PFStep.m in Sources */ = {isa = PBXBuildFile; fileRef = C0ECA731195507D000EF98AA /* PFStep.m */; };
		C0EF2100190B1BA5000E95B9 /* addPhotoViewController.m in Sources */ = {isa = PBXBuildFile; fileRef = C0EF20FF190B1BA5000E95B9 /* addPhotoViewController.m */; };
		C0F532DF191178A20023CEF0 /* GuideCategories.m in Sources */ = {isa = PBXBuildFile; fileRef = C0F532DE191178A20023CEF0 /* GuideCategories.m */; };
		C0FC202C192E247D007213AB /* MyGuidesViewController.m in Sources */ = {isa = PBXBuildFile; fileRef = C0FC202B192E247D007213AB /* MyGuidesViewController.m */; };
		F05384D1F80548A7BDC6C99F /* libPods.a in Frameworks */ = {isa = PBXBuildFile; fileRef = A39B4F7EF9E14A239DC702B6 /* libPods.a */; };
/* End PBXBuildFile section */

/* Begin PBXContainerItemProxy section */
		C0DCB1971905D9F400E29DBB /* PBXContainerItemProxy */ = {
			isa = PBXContainerItemProxy;
			containerPortal = C0DCB1661905D9F400E29DBB /* Project object */;
			proxyType = 1;
			remoteGlobalIDString = C0DCB16D1905D9F400E29DBB;
			remoteInfo = "Talk Lists";
		};
/* End PBXContainerItemProxy section */

/* Begin PBXFileReference section */
		5FA84C67E56C4BDCBB730AEF /* Pods.xcconfig */ = {isa = PBXFileReference; includeInIndex = 1; lastKnownFileType = text.xcconfig; name = Pods.xcconfig; path = Pods/Pods.xcconfig; sourceTree = "<group>"; };
		A39B4F7EF9E14A239DC702B6 /* libPods.a */ = {isa = PBXFileReference; explicitFileType = archive.ar; includeInIndex = 0; path = libPods.a; sourceTree = BUILT_PRODUCTS_DIR; };
		C0072C6D191BC474000254A8 /* AssetsLibrary.framework */ = {isa = PBXFileReference; lastKnownFileType = wrapper.framework; name = AssetsLibrary.framework; path = System/Library/Frameworks/AssetsLibrary.framework; sourceTree = SDKROOT; };
		C0072C6F191BCE62000254A8 /* UIImage+Resize.h */ = {isa = PBXFileReference; fileEncoding = 4; lastKnownFileType = sourcecode.c.h; path = "UIImage+Resize.h"; sourceTree = "<group>"; };
		C0072C70191BCE62000254A8 /* UIImage+Resize.m */ = {isa = PBXFileReference; fileEncoding = 4; lastKnownFileType = sourcecode.c.objc; path = "UIImage+Resize.m"; sourceTree = "<group>"; };
		C0072C78191BD249000254A8 /* Step.h */ = {isa = PBXFileReference; fileEncoding = 4; lastKnownFileType = sourcecode.c.h; name = Step.h; path = "Model - core data/Step.h"; sourceTree = "<group>"; };
		C0072C79191BD249000254A8 /* Step.m */ = {isa = PBXFileReference; fileEncoding = 4; lastKnownFileType = sourcecode.c.objc; name = Step.m; path = "Model - core data/Step.m"; sourceTree = "<group>"; };
		C016BFEB194D331400FE5B45 /* fetchedResultsDataSourceDelegate.h */ = {isa = PBXFileReference; lastKnownFileType = sourcecode.c.h; path = fetchedResultsDataSourceDelegate.h; sourceTree = "<group>"; };
		C01AA4001913105E00693BC4 /* ArrayDataSourceDelegate.h */ = {isa = PBXFileReference; lastKnownFileType = sourcecode.c.h; path = ArrayDataSourceDelegate.h; sourceTree = "<group>"; };
		C0230219192A5870006DEF7A /* AcousticModelEnglish.bundle */ = {isa = PBXFileReference; lastKnownFileType = "wrapper.plug-in"; path = AcousticModelEnglish.bundle; sourceTree = "<group>"; };
		C023021A192A5870006DEF7A /* AcousticModelSpanish.bundle */ = {isa = PBXFileReference; lastKnownFileType = "wrapper.plug-in"; path = AcousticModelSpanish.bundle; sourceTree = "<group>"; };
		C027011F192A3B3000F954EA /* AVFoundation.framework */ = {isa = PBXFileReference; lastKnownFileType = wrapper.framework; name = AVFoundation.framework; path = System/Library/Frameworks/AVFoundation.framework; sourceTree = SDKROOT; };
		C0270121192A3B4300F954EA /* AudioToolbox.framework */ = {isa = PBXFileReference; lastKnownFileType = wrapper.framework; name = AudioToolbox.framework; path = System/Library/Frameworks/AudioToolbox.framework; sourceTree = SDKROOT; };
		C0270131192A3E2700F954EA /* ListeningController.h */ = {isa = PBXFileReference; fileEncoding = 4; lastKnownFileType = sourcecode.c.h; path = ListeningController.h; sourceTree = "<group>"; };
		C0270132192A3E2700F954EA /* ListeningController.m */ = {isa = PBXFileReference; fileEncoding = 4; lastKnownFileType = sourcecode.c.objc; path = ListeningController.m; sourceTree = "<group>"; };
		C0270135192A3E5000F954EA /* languageOpenEars.h */ = {isa = PBXFileReference; fileEncoding = 4; lastKnownFileType = sourcecode.c.h; path = languageOpenEars.h; sourceTree = "<group>"; };
		C0270136192A3E5000F954EA /* languageOpenEars.m */ = {isa = PBXFileReference; fileEncoding = 4; lastKnownFileType = sourcecode.c.objc; path = languageOpenEars.m; sourceTree = "<group>"; };
		C0270138192A3E7F00F954EA /* dialogController.h */ = {isa = PBXFileReference; fileEncoding = 4; lastKnownFileType = sourcecode.c.h; path = dialogController.h; sourceTree = "<group>"; };
		C0270139192A3E7F00F954EA /* dialogController.m */ = {isa = PBXFileReference; fileEncoding = 4; lastKnownFileType = sourcecode.c.objc; path = dialogController.m; sourceTree = "<group>"; };
		C027013B192A47A600F954EA /* Rejecto.framework */ = {isa = PBXFileReference; lastKnownFileType = wrapper.framework; name = Rejecto.framework; path = ../Rejecto/Rejecto.framework; sourceTree = "<group>"; };
		C02BEAA4190E9F810092426E /* voiceSettingsViewController.h */ = {isa = PBXFileReference; fileEncoding = 4; lastKnownFileType = sourcecode.c.h; path = voiceSettingsViewController.h; sourceTree = "<group>"; };
		C02BEAA5190E9F810092426E /* voiceSettingsViewController.m */ = {isa = PBXFileReference; fileEncoding = 4; lastKnownFileType = sourcecode.c.objc; path = voiceSettingsViewController.m; sourceTree = "<group>"; };
		C02BEAA8190EA0EC0092426E /* SpeakingController.h */ = {isa = PBXFileReference; fileEncoding = 4; lastKnownFileType = sourcecode.c.h; path = SpeakingController.h; sourceTree = "<group>"; };
		C02BEAA9190EA0EC0092426E /* SpeakingController.m */ = {isa = PBXFileReference; fileEncoding = 4; lastKnownFileType = sourcecode.c.objc; path = SpeakingController.m; sourceTree = "<group>"; };
		C02BEAAC190EA10E0092426E /* voice.h */ = {isa = PBXFileReference; fileEncoding = 4; lastKnownFileType = sourcecode.c.h; path = voice.h; sourceTree = "<group>"; };
		C02BEAAD190EA10E0092426E /* voice.m */ = {isa = PBXFileReference; fileEncoding = 4; lastKnownFileType = sourcecode.c.objc; path = voice.m; sourceTree = "<group>"; };
		C02BFBA119190D7500F6A035 /* Guide+Addendums.m */ = {isa = PBXFileReference; fileEncoding = 4; lastKnownFileType = sourcecode.c.objc; path = "Guide+Addendums.m"; sourceTree = "<group>"; };
		C02BFBA419193D4300F6A035 /* titleView.h */ = {isa = PBXFileReference; fileEncoding = 4; lastKnownFileType = sourcecode.c.h; path = titleView.h; sourceTree = "<group>"; };
		C02BFBA519193D4300F6A035 /* titleView.m */ = {isa = PBXFileReference; fileEncoding = 4; lastKnownFileType = sourcecode.c.objc; path = titleView.m; sourceTree = "<group>"; };
		C02BFBA8191954C800F6A035 /* titleViewDelegate.h */ = {isa = PBXFileReference; lastKnownFileType = sourcecode.c.h; path = titleViewDelegate.h; sourceTree = "<group>"; };
		C02BFBA919195F6D00F6A035 /* stepView.h */ = {isa = PBXFileReference; fileEncoding = 4; lastKnownFileType = sourcecode.c.h; path = stepView.h; sourceTree = "<group>"; };
		C02BFBAA19195F6D00F6A035 /* stepView.m */ = {isa = PBXFileReference; fileEncoding = 4; lastKnownFileType = sourcecode.c.objc; path = stepView.m; sourceTree = "<group>"; };
		C02BFBAC19195FB400F6A035 /* stepEntryViewDelegate.h */ = {isa = PBXFileReference; lastKnownFileType = sourcecode.c.h; path = stepEntryViewDelegate.h; sourceTree = "<group>"; };
		C02D55321917F95F006955E7 /* CoreData.framework */ = {isa = PBXFileReference; lastKnownFileType = wrapper.framework; name = CoreData.framework; path = System/Library/Frameworks/CoreData.framework; sourceTree = SDKROOT; };
		C035E9A019310E0000DBBE4A /* UITextField+SlideViews.h */ = {isa = PBXFileReference; fileEncoding = 4; lastKnownFileType = sourcecode.c.h; path = "UITextField+SlideViews.h"; sourceTree = "<group>"; };
		C035E9A119310E0000DBBE4A /* UITextField+SlideViews.m */ = {isa = PBXFileReference; fileEncoding = 4; lastKnownFileType = sourcecode.c.objc; path = "UITextField+SlideViews.m"; sourceTree = "<group>"; };
		C035E9A3193115B200DBBE4A /* UITextView+SlideViews.h */ = {isa = PBXFileReference; fileEncoding = 4; lastKnownFileType = sourcecode.c.h; path = "UITextView+SlideViews.h"; sourceTree = "<group>"; };
		C035E9A4193115B200DBBE4A /* UITextView+SlideViews.m */ = {isa = PBXFileReference; fileEncoding = 4; lastKnownFileType = sourcecode.c.objc; path = "UITextView+SlideViews.m"; sourceTree = "<group>"; };
		C03D6B4C1911832A00CC213B /* ArrayDataSource.h */ = {isa = PBXFileReference; fileEncoding = 4; lastKnownFileType = sourcecode.c.h; path = ArrayDataSource.h; sourceTree = "<group>"; };
		C03D6B4D1911832A00CC213B /* ArrayDataSource.m */ = {isa = PBXFileReference; fileEncoding = 4; lastKnownFileType = sourcecode.c.objc; path = ArrayDataSource.m; sourceTree = "<group>"; };
		C0443FAC1955D229006ADA60 /* PFGuideTest.m */ = {isa = PBXFileReference; fileEncoding = 4; lastKnownFileType = sourcecode.c.objc; path = PFGuideTest.m; sourceTree = "<group>"; };
		C0443FAE19570FA4006ADA60 /* parseDataSource.h */ = {isa = PBXFileReference; fileEncoding = 4; lastKnownFileType = sourcecode.c.h; path = parseDataSource.h; sourceTree = "<group>"; };
		C0443FAF19570FA4006ADA60 /* parseDataSource.m */ = {isa = PBXFileReference; fileEncoding = 4; lastKnownFileType = sourcecode.c.objc; path = parseDataSource.m; sourceTree = "<group>"; };
		C0443FB11957154D006ADA60 /* parseDataSourceDelegate.h */ = {isa = PBXFileReference; lastKnownFileType = sourcecode.c.h; path = parseDataSourceDelegate.h; sourceTree = "<group>"; };
		C045B72D194F7B5300DE2B08 /* PFGuide.h */ = {isa = PBXFileReference; fileEncoding = 4; lastKnownFileType = sourcecode.c.h; path = PFGuide.h; sourceTree = "<group>"; };
		C045B72E194F7B5300DE2B08 /* PFGuide.m */ = {isa = PBXFileReference; fileEncoding = 4; lastKnownFileType = sourcecode.c.objc; path = PFGuide.m; sourceTree = "<group>"; };
		C045B730194FE31300DE2B08 /* ShareController.h */ = {isa = PBXFileReference; fileEncoding = 4; lastKnownFileType = sourcecode.c.h; path = ShareController.h; sourceTree = "<group>"; };
		C045B731194FE31300DE2B08 /* ShareController.m */ = {isa = PBXFileReference; fileEncoding = 4; lastKnownFileType = sourcecode.c.objc; path = ShareController.m; sourceTree = "<group>"; };
		C045B733194FF0F800DE2B08 /* ShareControllerTest.m */ = {isa = PBXFileReference; fileEncoding = 4; lastKnownFileType = sourcecode.c.objc; path = ShareControllerTest.m; sourceTree = "<group>"; };
		C046D84319180B5800212B5E /* GuideModel.xcdatamodel */ = {isa = PBXFileReference; lastKnownFileType = wrapper.xcdatamodel; path = GuideModel.xcdatamodel; sourceTree = "<group>"; };
		C046D85119180F6300212B5E /* Guide+Addendums.h */ = {isa = PBXFileReference; fileEncoding = 4; lastKnownFileType = sourcecode.c.h; name = "Guide+Addendums.h"; path = "Model - core data/Guide+Addendums.h"; sourceTree = "<group>"; };
		C046D85219180F6300212B5E /* Guide+Addendums.m */ = {isa = PBXFileReference; fileEncoding = 4; lastKnownFileType = sourcecode.c.objc; name = "Guide+Addendums.m"; path = "Model - core data/Guide+Addendums.m"; sourceTree = "<group>"; };
		C046D85419180F9300212B5E /* Step+Addendums.h */ = {isa = PBXFileReference; fileEncoding = 4; lastKnownFileType = sourcecode.c.h; name = "Step+Addendums.h"; path = "Model - core data/Step+Addendums.h"; sourceTree = "<group>"; };
		C046D85519180F9300212B5E /* Step+Addendums.m */ = {isa = PBXFileReference; fileEncoding = 4; lastKnownFileType = sourcecode.c.objc; name = "Step+Addendums.m"; path = "Model - core data/Step+Addendums.m"; sourceTree = "<group>"; };
		C046D85719180FB500212B5E /* Photo+Addendums.h */ = {isa = PBXFileReference; fileEncoding = 4; lastKnownFileType = sourcecode.c.h; name = "Photo+Addendums.h"; path = "Model - core data/Photo+Addendums.h"; sourceTree = "<group>"; };
		C046D85819180FB500212B5E /* Photo+Addendums.m */ = {isa = PBXFileReference; fileEncoding = 4; lastKnownFileType = sourcecode.c.objc; name = "Photo+Addendums.m"; path = "Model - core data/Photo+Addendums.m"; sourceTree = "<group>"; };
		C047761B190848250085833C /* GuideDetailViewController.h */ = {isa = PBXFileReference; fileEncoding = 4; lastKnownFileType = sourcecode.c.h; name = GuideDetailViewController.h; path = ../GuideDetailViewController.h; sourceTree = "<group>"; };
		C047761C190848250085833C /* GuideDetailViewController.m */ = {isa = PBXFileReference; fileEncoding = 4; lastKnownFileType = sourcecode.c.objc; name = GuideDetailViewController.m; path = ../GuideDetailViewController.m; sourceTree = "<group>"; };
		C067BEB7192FCA0E00996DF8 /* EditGuideViewController.h */ = {isa = PBXFileReference; fileEncoding = 4; lastKnownFileType = sourcecode.c.h; path = EditGuideViewController.h; sourceTree = "<group>"; };
		C067BEB8192FCA0E00996DF8 /* EditGuideViewController.m */ = {isa = PBXFileReference; fileEncoding = 4; lastKnownFileType = sourcecode.c.objc; path = EditGuideViewController.m; sourceTree = "<group>"; };
		C067BEBA192FDBB500996DF8 /* guideCell.h */ = {isa = PBXFileReference; fileEncoding = 4; lastKnownFileType = sourcecode.c.h; path = guideCell.h; sourceTree = "<group>"; };
		C067BEBB192FDBB500996DF8 /* guideCell.m */ = {isa = PBXFileReference; fileEncoding = 4; lastKnownFileType = sourcecode.c.objc; path = guideCell.m; sourceTree = "<group>"; };
		C06B50E9192434E0002EF96C /* fetchedResultsDataSource.h */ = {isa = PBXFileReference; fileEncoding = 4; lastKnownFileType = sourcecode.c.h; path = fetchedResultsDataSource.h; sourceTree = "<group>"; };
		C06B50EA192434E0002EF96C /* fetchedResultsDataSource.m */ = {isa = PBXFileReference; fileEncoding = 4; lastKnownFileType = sourcecode.c.objc; path = fetchedResultsDataSource.m; sourceTree = "<group>"; };
		C06E4A3E191EBE7800093160 /* Guide.h */ = {isa = PBXFileReference; fileEncoding = 4; lastKnownFileType = sourcecode.c.h; name = Guide.h; path = "Model - core data/Guide.h"; sourceTree = "<group>"; };
		C06E4A3F191EBE7800093160 /* Guide.m */ = {isa = PBXFileReference; fileEncoding = 4; lastKnownFileType = sourcecode.c.objc; name = Guide.m; path = "Model - core data/Guide.m"; sourceTree = "<group>"; };
		C06E4A41191EE64800093160 /* ALAssetsLibrary+CustomPhotoAlbum.h */ = {isa = PBXFileReference; fileEncoding = 4; lastKnownFileType = sourcecode.c.h; name = "ALAssetsLibrary+CustomPhotoAlbum.h"; path = "Model - core data/ALAssetsLibrary+CustomPhotoAlbum.h"; sourceTree = "<group>"; };
		C06E4A42191EE64800093160 /* ALAssetsLibrary+CustomPhotoAlbum.m */ = {isa = PBXFileReference; fileEncoding = 4; lastKnownFileType = sourcecode.c.objc; name = "ALAssetsLibrary+CustomPhotoAlbum.m"; path = "Model - core data/ALAssetsLibrary+CustomPhotoAlbum.m"; sourceTree = "<group>"; };
		C080B7F31947379D0092BC91 /* Photo.h */ = {isa = PBXFileReference; fileEncoding = 4; lastKnownFileType = sourcecode.c.h; name = Photo.h; path = "Model - core data/Photo.h"; sourceTree = "<group>"; };
		C080B7F41947379D0092BC91 /* Photo.m */ = {isa = PBXFileReference; fileEncoding = 4; lastKnownFileType = sourcecode.c.objc; name = Photo.m; path = "Model - core data/Photo.m"; sourceTree = "<group>"; };
		C08B144C192A8D2C00E70FCF /* Rejecto.framework */ = {isa = PBXFileReference; lastKnownFileType = wrapper.framework; path = Rejecto.framework; sourceTree = "<group>"; };
		C08B144E192AC84300E70FCF /* dialogControllerDelegate.h */ = {isa = PBXFileReference; lastKnownFileType = sourcecode.c.h; path = dialogControllerDelegate.h; sourceTree = "<group>"; };
		C08B3110193E14E000CE49F9 /* EditGuideViewControllerTest.m */ = {isa = PBXFileReference; fileEncoding = 4; lastKnownFileType = sourcecode.c.objc; path = EditGuideViewControllerTest.m; sourceTree = "<group>"; };
		C0B0F2A31916AEDB00CD8114 /* stepCell.h */ = {isa = PBXFileReference; fileEncoding = 4; lastKnownFileType = sourcecode.c.h; path = stepCell.h; sourceTree = "<group>"; };
		C0B0F2A41916AEDB00CD8114 /* stepCell.m */ = {isa = PBXFileReference; fileEncoding = 4; lastKnownFileType = sourcecode.c.objc; path = stepCell.m; sourceTree = "<group>"; };
		C0B0F2A61916B7E300CD8114 /* UIView+SuperView.h */ = {isa = PBXFileReference; fileEncoding = 4; lastKnownFileType = sourcecode.c.h; path = "UIView+SuperView.h"; sourceTree = "<group>"; };
		C0B0F2A71916B7E300CD8114 /* UIView+SuperView.m */ = {isa = PBXFileReference; fileEncoding = 4; lastKnownFileType = sourcecode.c.objc; path = "UIView+SuperView.m"; sourceTree = "<group>"; };
		C0BC64B7190D85D6002F42D1 /* previewViewController.h */ = {isa = PBXFileReference; fileEncoding = 4; lastKnownFileType = sourcecode.c.h; path = previewViewController.h; sourceTree = "<group>"; };
		C0BC64B8190D85D6002F42D1 /* previewViewController.m */ = {isa = PBXFileReference; fileEncoding = 4; lastKnownFileType = sourcecode.c.objc; path = previewViewController.m; sourceTree = "<group>"; };
		C0BE98AF1913D0B300C2990E /* ArrayDataSourceTest.m */ = {isa = PBXFileReference; fileEncoding = 4; lastKnownFileType = sourcecode.c.objc; path = ArrayDataSourceTest.m; sourceTree = "<group>"; };
		C0BE98C81913E87F00C2990E /* libOCMock.a */ = {isa = PBXFileReference; lastKnownFileType = archive.ar; path = libOCMock.a; sourceTree = "<group>"; };
		C0BE98CC1913E8E200C2990E /* NSNotificationCenter+OCMAdditions.h */ = {isa = PBXFileReference; fileEncoding = 4; lastKnownFileType = sourcecode.c.h; path = "NSNotificationCenter+OCMAdditions.h"; sourceTree = "<group>"; };
		C0BE98CD1913E8E200C2990E /* OCMArg.h */ = {isa = PBXFileReference; fileEncoding = 4; lastKnownFileType = sourcecode.c.h; path = OCMArg.h; sourceTree = "<group>"; };
		C0BE98CE1913E8E200C2990E /* OCMConstraint.h */ = {isa = PBXFileReference; fileEncoding = 4; lastKnownFileType = sourcecode.c.h; path = OCMConstraint.h; sourceTree = "<group>"; };
		C0BE98CF1913E8E200C2990E /* OCMock.h */ = {isa = PBXFileReference; fileEncoding = 4; lastKnownFileType = sourcecode.c.h; path = OCMock.h; sourceTree = "<group>"; };
		C0BE98D01913E8E200C2990E /* OCMockObject.h */ = {isa = PBXFileReference; fileEncoding = 4; lastKnownFileType = sourcecode.c.h; path = OCMockObject.h; sourceTree = "<group>"; };
		C0BE98D11913E8E200C2990E /* OCMockRecorder.h */ = {isa = PBXFileReference; fileEncoding = 4; lastKnownFileType = sourcecode.c.h; path = OCMockRecorder.h; sourceTree = "<group>"; };
		C0D898B11959BCBF00ED251C /* PFPhoto.h */ = {isa = PBXFileReference; fileEncoding = 4; lastKnownFileType = sourcecode.c.h; path = PFPhoto.h; sourceTree = "<group>"; };
		C0D898B21959BCBF00ED251C /* PFPhoto.m */ = {isa = PBXFileReference; fileEncoding = 4; lastKnownFileType = sourcecode.c.objc; path = PFPhoto.m; sourceTree = "<group>"; };
		C0DCB16E1905D9F400E29DBB /* Talk Lists.app */ = {isa = PBXFileReference; explicitFileType = wrapper.application; includeInIndex = 0; path = "Talk Lists.app"; sourceTree = BUILT_PRODUCTS_DIR; };
		C0DCB1711905D9F400E29DBB /* Foundation.framework */ = {isa = PBXFileReference; lastKnownFileType = wrapper.framework; name = Foundation.framework; path = System/Library/Frameworks/Foundation.framework; sourceTree = SDKROOT; };
		C0DCB1731905D9F400E29DBB /* CoreGraphics.framework */ = {isa = PBXFileReference; lastKnownFileType = wrapper.framework; name = CoreGraphics.framework; path = System/Library/Frameworks/CoreGraphics.framework; sourceTree = SDKROOT; };
		C0DCB1751905D9F400E29DBB /* UIKit.framework */ = {isa = PBXFileReference; lastKnownFileType = wrapper.framework; name = UIKit.framework; path = System/Library/Frameworks/UIKit.framework; sourceTree = SDKROOT; };
		C0DCB1791905D9F400E29DBB /* Talk Lists-Info.plist */ = {isa = PBXFileReference; lastKnownFileType = text.plist.xml; path = "Talk Lists-Info.plist"; sourceTree = "<group>"; };
		C0DCB17B1905D9F400E29DBB /* en */ = {isa = PBXFileReference; lastKnownFileType = text.plist.strings; name = en; path = en.lproj/InfoPlist.strings; sourceTree = "<group>"; };
		C0DCB17D1905D9F400E29DBB /* main.m */ = {isa = PBXFileReference; lastKnownFileType = sourcecode.c.objc; path = main.m; sourceTree = "<group>"; };
		C0DCB17F1905D9F400E29DBB /* Talk Lists-Prefix.pch */ = {isa = PBXFileReference; lastKnownFileType = sourcecode.c.h; path = "Talk Lists-Prefix.pch"; sourceTree = "<group>"; };
		C0DCB1801905D9F400E29DBB /* TalkListAppDelegate.h */ = {isa = PBXFileReference; lastKnownFileType = sourcecode.c.h; path = TalkListAppDelegate.h; sourceTree = "<group>"; };
		C0DCB1811905D9F400E29DBB /* TalkListAppDelegate.m */ = {isa = PBXFileReference; lastKnownFileType = sourcecode.c.objc; path = TalkListAppDelegate.m; sourceTree = "<group>"; };
		C0DCB1841905D9F400E29DBB /* Base */ = {isa = PBXFileReference; lastKnownFileType = file.storyboard; name = Base; path = Base.lproj/Main_iPhone.storyboard; sourceTree = "<group>"; };
		C0DCB1871905D9F400E29DBB /* Base */ = {isa = PBXFileReference; lastKnownFileType = file.storyboard; name = Base; path = Base.lproj/Main_iPad.storyboard; sourceTree = "<group>"; };
		C0DCB1891905D9F400E29DBB /* TalkListViewController.h */ = {isa = PBXFileReference; lastKnownFileType = sourcecode.c.h; path = TalkListViewController.h; sourceTree = "<group>"; };
		C0DCB18A1905D9F400E29DBB /* TalkListViewController.m */ = {isa = PBXFileReference; lastKnownFileType = sourcecode.c.objc; path = TalkListViewController.m; sourceTree = "<group>"; };
		C0DCB18C1905D9F400E29DBB /* Images.xcassets */ = {isa = PBXFileReference; lastKnownFileType = folder.assetcatalog; path = Images.xcassets; sourceTree = "<group>"; };
		C0DCB1921905D9F400E29DBB /* Talk ListsTests.xctest */ = {isa = PBXFileReference; explicitFileType = wrapper.cfbundle; includeInIndex = 0; path = "Talk ListsTests.xctest"; sourceTree = BUILT_PRODUCTS_DIR; };
		C0DCB1931905D9F400E29DBB /* XCTest.framework */ = {isa = PBXFileReference; lastKnownFileType = wrapper.framework; name = XCTest.framework; path = Library/Frameworks/XCTest.framework; sourceTree = DEVELOPER_DIR; };
		C0DCB19B1905D9F400E29DBB /* Talk ListsTests-Info.plist */ = {isa = PBXFileReference; lastKnownFileType = text.plist.xml; path = "Talk ListsTests-Info.plist"; sourceTree = "<group>"; };
		C0DCB19D1905D9F400E29DBB /* en */ = {isa = PBXFileReference; lastKnownFileType = text.plist.strings; name = en; path = en.lproj/InfoPlist.strings; sourceTree = "<group>"; };
		C0DCB1A91905E22100E29DBB /* CatagoriesViewController.h */ = {isa = PBXFileReference; fileEncoding = 4; lastKnownFileType = sourcecode.c.h; path = CatagoriesViewController.h; sourceTree = "<group>"; };
		C0DCB1AA1905E22100E29DBB /* CatagoriesViewController.m */ = {isa = PBXFileReference; fileEncoding = 4; lastKnownFileType = sourcecode.c.objc; path = CatagoriesViewController.m; sourceTree = "<group>"; };
		C0DCB1AC1905F01900E29DBB /* CategoryTableViewController.h */ = {isa = PBXFileReference; fileEncoding = 4; lastKnownFileType = sourcecode.c.h; path = CategoryTableViewController.h; sourceTree = "<group>"; };
		C0DCB1AD1905F01900E29DBB /* CategoryTableViewController.m */ = {isa = PBXFileReference; fileEncoding = 4; lastKnownFileType = sourcecode.c.objc; path = CategoryTableViewController.m; sourceTree = "<group>"; };
		C0DE5A381938BFFA00909BD5 /* ReadMe.md */ = {isa = PBXFileReference; fileEncoding = 4; lastKnownFileType = text; path = ReadMe.md; sourceTree = "<group>"; };
		C0E24E6E192A5A4B00C4F35A /* OpenEars.framework */ = {isa = PBXFileReference; lastKnownFileType = wrapper.framework; path = OpenEars.framework; sourceTree = "<group>"; };
		C0E24E70192A5A5900C4F35A /* Slt.framework */ = {isa = PBXFileReference; lastKnownFileType = wrapper.framework; path = Slt.framework; sourceTree = "<group>"; };
		C0E9A13F1941F1FD001C65DE /* UIImageView+SlideViews.h */ = {isa = PBXFileReference; fileEncoding = 4; lastKnownFileType = sourcecode.c.h; path = "UIImageView+SlideViews.h"; sourceTree = "<group>"; };
		C0E9A1401941F1FD001C65DE /* UIImageView+SlideViews.m */ = {isa = PBXFileReference; fileEncoding = 4; lastKnownFileType = sourcecode.c.objc; path = "UIImageView+SlideViews.m"; sourceTree = "<group>"; };
		C0EBBF3919479518001F79D0 /* Talk Lists.entitlements */ = {isa = PBXFileReference; lastKnownFileType = text.xml; path = "Talk Lists.entitlements"; sourceTree = "<group>"; };
		C0ECA730195507D000EF98AA /* PFStep.h */ = {isa = PBXFileReference; fileEncoding = 4; lastKnownFileType = sourcecode.c.h; path = PFStep.h; sourceTree = "<group>"; };
		C0ECA731195507D000EF98AA /* PFStep.m */ = {isa = PBXFileReference; fileEncoding = 4; lastKnownFileType = sourcecode.c.objc; path = PFStep.m; sourceTree = "<group>"; };
		C0EF20FE190B1BA5000E95B9 /* addPhotoViewController.h */ = {isa = PBXFileReference; fileEncoding = 4; lastKnownFileType = sourcecode.c.h; name = addPhotoViewController.h; path = ../addPhotoViewController.h; sourceTree = "<group>"; };
		C0EF20FF190B1BA5000E95B9 /* addPhotoViewController.m */ = {isa = PBXFileReference; fileEncoding = 4; lastKnownFileType = sourcecode.c.objc; name = addPhotoViewController.m; path = ../addPhotoViewController.m; sourceTree = "<group>"; };
		C0F532DD191178A20023CEF0 /* GuideCategories.h */ = {isa = PBXFileReference; fileEncoding = 4; lastKnownFileType = sourcecode.c.h; path = GuideCategories.h; sourceTree = "<group>"; };
		C0F532DE191178A20023CEF0 /* GuideCategories.m */ = {isa = PBXFileReference; fileEncoding = 4; lastKnownFileType = sourcecode.c.objc; path = GuideCategories.m; sourceTree = "<group>"; };
		C0FC202A192E247D007213AB /* MyGuidesViewController.h */ = {isa = PBXFileReference; fileEncoding = 4; lastKnownFileType = sourcecode.c.h; path = MyGuidesViewController.h; sourceTree = "<group>"; };
		C0FC202B192E247D007213AB /* MyGuidesViewController.m */ = {isa = PBXFileReference; fileEncoding = 4; lastKnownFileType = sourcecode.c.objc; path = MyGuidesViewController.m; sourceTree = "<group>"; };
/* End PBXFileReference section */

/* Begin PBXFrameworksBuildPhase section */
		C0DCB16B1905D9F400E29DBB /* Frameworks */ = {
			isa = PBXFrameworksBuildPhase;
			buildActionMask = 2147483647;
			files = (
				C0270122192A3B4300F954EA /* AudioToolbox.framework in Frameworks */,
				C0270120192A3B3000F954EA /* AVFoundation.framework in Frameworks */,
				C0072C6E191BC474000254A8 /* AssetsLibrary.framework in Frameworks */,
				C02D55331917F95F006955E7 /* CoreData.framework in Frameworks */,
				C0DCB1741905D9F400E29DBB /* CoreGraphics.framework in Frameworks */,
				C0E24E71192A5A5900C4F35A /* Slt.framework in Frameworks */,
				C0DCB1761905D9F400E29DBB /* UIKit.framework in Frameworks */,
				C0DCB1721905D9F400E29DBB /* Foundation.framework in Frameworks */,
				C0E24E6F192A5A4B00C4F35A /* OpenEars.framework in Frameworks */,
				C08B144D192A8D2C00E70FCF /* Rejecto.framework in Frameworks */,
				F05384D1F80548A7BDC6C99F /* libPods.a in Frameworks */,
				C0BE98C91913E87F00C2990E /* libOCMock.a in Frameworks */,
			);
			runOnlyForDeploymentPostprocessing = 0;
		};
		C0DCB18F1905D9F400E29DBB /* Frameworks */ = {
			isa = PBXFrameworksBuildPhase;
			buildActionMask = 2147483647;
			files = (
				C02BFBA01918192700F6A035 /* CoreData.framework in Frameworks */,
				C0DCB1941905D9F400E29DBB /* XCTest.framework in Frameworks */,
				C0DCB1961905D9F400E29DBB /* UIKit.framework in Frameworks */,
				C0DCB1951905D9F400E29DBB /* Foundation.framework in Frameworks */,
			);
			runOnlyForDeploymentPostprocessing = 0;
		};
/* End PBXFrameworksBuildPhase section */

/* Begin PBXGroup section */
		C016BFEA194D0EF200FE5B45 /* Obsolete - unused */ = {
			isa = PBXGroup;
			children = (
				C01AA4001913105E00693BC4 /* ArrayDataSourceDelegate.h */,
				C03D6B4C1911832A00CC213B /* ArrayDataSource.h */,
				C03D6B4D1911832A00CC213B /* ArrayDataSource.m */,
				C0DCB1891905D9F400E29DBB /* TalkListViewController.h */,
				C0DCB18A1905D9F400E29DBB /* TalkListViewController.m */,
				C0BC64B7190D85D6002F42D1 /* previewViewController.h */,
				C0BC64B8190D85D6002F42D1 /* previewViewController.m */,
				C0F532DB19116A480023CEF0 /* Controllers */,
				C03D6B4B1911828A00CC213B /* Controllers */,
			);
			name = "Obsolete - unused";
			sourceTree = "<group>";
		};
		C0230218192A5870006DEF7A /* Framework */ = {
			isa = PBXGroup;
			children = (
				C08B144C192A8D2C00E70FCF /* Rejecto.framework */,
				C0E24E70192A5A5900C4F35A /* Slt.framework */,
				C0E24E6E192A5A4B00C4F35A /* OpenEars.framework */,
				C0230219192A5870006DEF7A /* AcousticModelEnglish.bundle */,
				C023021A192A5870006DEF7A /* AcousticModelSpanish.bundle */,
			);
			name = Framework;
			path = ../Framework;
			sourceTree = "<group>";
		};
		C0270130192A3E0C00F954EA /* Listening */ = {
			isa = PBXGroup;
			children = (
				C0270134192A3E3900F954EA /* Model */,
				C0270131192A3E2700F954EA /* ListeningController.h */,
				C0270132192A3E2700F954EA /* ListeningController.m */,
			);
			name = Listening;
			sourceTree = "<group>";
		};
		C0270134192A3E3900F954EA /* Model */ = {
			isa = PBXGroup;
			children = (
				C0270135192A3E5000F954EA /* languageOpenEars.h */,
				C0270136192A3E5000F954EA /* languageOpenEars.m */,
			);
			name = Model;
			sourceTree = "<group>";
		};
		C02BEAA3190E9F2E0092426E /* Dialog */ = {
			isa = PBXGroup;
			children = (
				C0270130192A3E0C00F954EA /* Listening */,
				C02BEAA7190EA0D20092426E /* Speaking */,
				C02BEAA4190E9F810092426E /* voiceSettingsViewController.h */,
				C02BEAA5190E9F810092426E /* voiceSettingsViewController.m */,
			);
			name = Dialog;
			sourceTree = "<group>";
		};
		C02BEAA7190EA0D20092426E /* Speaking */ = {
			isa = PBXGroup;
			children = (
				C02BEAAB190EA0FD0092426E /* Model */,
				C02BEAA8190EA0EC0092426E /* SpeakingController.h */,
				C02BEAA9190EA0EC0092426E /* SpeakingController.m */,
			);
			name = Speaking;
			sourceTree = "<group>";
		};
		C02BEAAB190EA0FD0092426E /* Model */ = {
			isa = PBXGroup;
			children = (
				C02BEAAC190EA10E0092426E /* voice.h */,
				C02BEAAD190EA10E0092426E /* voice.m */,
			);
			name = Model;
			sourceTree = "<group>";
		};
		C02BFBA719193D4C00F6A035 /* View */ = {
			isa = PBXGroup;
			children = (
				C0E9A13F1941F1FD001C65DE /* UIImageView+SlideViews.h */,
				C0E9A1401941F1FD001C65DE /* UIImageView+SlideViews.m */,
				C02BFBA919195F6D00F6A035 /* stepView.h */,
				C02BFBAA19195F6D00F6A035 /* stepView.m */,
				C02BFBAC19195FB400F6A035 /* stepEntryViewDelegate.h */,
				C02BFBA419193D4300F6A035 /* titleView.h */,
				C02BFBA519193D4300F6A035 /* titleView.m */,
				C035E9A3193115B200DBBE4A /* UITextView+SlideViews.h */,
				C035E9A4193115B200DBBE4A /* UITextView+SlideViews.m */,
				C02BFBA8191954C800F6A035 /* titleViewDelegate.h */,
				C035E9A019310E0000DBBE4A /* UITextField+SlideViews.h */,
				C035E9A119310E0000DBBE4A /* UITextField+SlideViews.m */,
			);
			name = View;
			sourceTree = "<group>";
		};
		C02D5537191803F8006955E7 /* Model - Core Data */ = {
			isa = PBXGroup;
			children = (
				C046D85119180F6300212B5E /* Guide+Addendums.h */,
				C046D85219180F6300212B5E /* Guide+Addendums.m */,
				C046D85419180F9300212B5E /* Step+Addendums.h */,
				C046D85519180F9300212B5E /* Step+Addendums.m */,
				C046D85719180FB500212B5E /* Photo+Addendums.h */,
				C046D85819180FB500212B5E /* Photo+Addendums.m */,
				C0072C78191BD249000254A8 /* Step.h */,
				C0072C79191BD249000254A8 /* Step.m */,
				C046D84219180B5800212B5E /* GuideModel.xcdatamodeld */,
				C080B7F31947379D0092BC91 /* Photo.h */,
				C080B7F41947379D0092BC91 /* Photo.m */,
				C06E4A3E191EBE7800093160 /* Guide.h */,
				C06E4A3F191EBE7800093160 /* Guide.m */,
				C06E4A41191EE64800093160 /* ALAssetsLibrary+CustomPhotoAlbum.h */,
				C06E4A42191EE64800093160 /* ALAssetsLibrary+CustomPhotoAlbum.m */,
			);
			name = "Model - Core Data";
			sourceTree = "<group>";
		};
		C036A978190C283100D1F251 /* New Guide */ = {
			isa = PBXGroup;
			children = (
				C02BFBA719193D4C00F6A035 /* View */,
				C067BEB7192FCA0E00996DF8 /* EditGuideViewController.h */,
				C067BEB8192FCA0E00996DF8 /* EditGuideViewController.m */,
				C0EF20FE190B1BA5000E95B9 /* addPhotoViewController.h */,
				C0EF20FF190B1BA5000E95B9 /* addPhotoViewController.m */,
				C0FC202A192E247D007213AB /* MyGuidesViewController.h */,
				C0FC202B192E247D007213AB /* MyGuidesViewController.m */,
			);
			name = "New Guide";
			sourceTree = "<group>";
		};
		C036A979190C28CA00D1F251 /* Guide Detail */ = {
			isa = PBXGroup;
			children = (
				C045B72C194F7B1E00DE2B08 /* Model - PFObjects */,
				C02D5537191803F8006955E7 /* Model - Core Data */,
				C0B0F2A21916AE0C00CD8114 /* View */,
				C0F532D9191168830023CEF0 /* Controllers */,
				C02BEAA3190E9F2E0092426E /* Dialog */,
			);
			name = "Guide Detail";
			sourceTree = "<group>";
		};
		C036A97A190C28F000D1F251 /* View */ = {
			isa = PBXGroup;
			children = (
				C0DCB1861905D9F400E29DBB /* Main_iPad.storyboard */,
				C0DCB1831905D9F400E29DBB /* Main_iPhone.storyboard */,
			);
			name = View;
			sourceTree = "<group>";
		};
		C03D6B4A1911827200CC213B /* Model */ = {
			isa = PBXGroup;
			children = (
				C016BFEB194D331400FE5B45 /* fetchedResultsDataSourceDelegate.h */,
				C06B50E9192434E0002EF96C /* fetchedResultsDataSource.h */,
				C06B50EA192434E0002EF96C /* fetchedResultsDataSource.m */,
			);
			name = Model;
			sourceTree = "<group>";
		};
		C03D6B4B1911828A00CC213B /* Controllers */ = {
			isa = PBXGroup;
			children = (
				C0DCB1AC1905F01900E29DBB /* CategoryTableViewController.h */,
				C0DCB1AD1905F01900E29DBB /* CategoryTableViewController.m */,
			);
			name = Controllers;
			sourceTree = "<group>";
		};
		C045B72C194F7B1E00DE2B08 /* Model - PFObjects */ = {
			isa = PBXGroup;
			children = (
				C0443FAE19570FA4006ADA60 /* parseDataSource.h */,
				C0443FAF19570FA4006ADA60 /* parseDataSource.m */,
				C0443FB11957154D006ADA60 /* parseDataSourceDelegate.h */,
				C0ECA730195507D000EF98AA /* PFStep.h */,
				C0ECA731195507D000EF98AA /* PFStep.m */,
				C045B72D194F7B5300DE2B08 /* PFGuide.h */,
				C045B72E194F7B5300DE2B08 /* PFGuide.m */,
				C0D898B11959BCBF00ED251C /* PFPhoto.h */,
				C0D898B21959BCBF00ED251C /* PFPhoto.m */,
			);
			name = "Model - PFObjects";
			sourceTree = "<group>";
		};
		C0B0F2A21916AE0C00CD8114 /* View */ = {
			isa = PBXGroup;
			children = (
				C0B0F2A41916AEDB00CD8114 /* stepCell.m */,
				C0B0F2A31916AEDB00CD8114 /* stepCell.h */,
				C0B0F2A61916B7E300CD8114 /* UIView+SuperView.h */,
				C0B0F2A71916B7E300CD8114 /* UIView+SuperView.m */,
				C0072C6F191BCE62000254A8 /* UIImage+Resize.h */,
				C0072C70191BCE62000254A8 /* UIImage+Resize.m */,
				C067BEBA192FDBB500996DF8 /* guideCell.h */,
				C067BEBB192FDBB500996DF8 /* guideCell.m */,
			);
			name = View;
			sourceTree = "<group>";
		};
		C0BE98C51913E87F00C2990E /* usr */ = {
			isa = PBXGroup;
			children = (
				C0BE98CA1913E8E200C2990E /* include */,
				C0BE98C71913E87F00C2990E /* lib */,
			);
			path = usr;
			sourceTree = "<group>";
		};
		C0BE98C71913E87F00C2990E /* lib */ = {
			isa = PBXGroup;
			children = (
				C0BE98C81913E87F00C2990E /* libOCMock.a */,
			);
			path = lib;
			sourceTree = "<group>";
		};
		C0BE98CA1913E8E200C2990E /* include */ = {
			isa = PBXGroup;
			children = (
				C0BE98CB1913E8E200C2990E /* OCMock */,
			);
			path = include;
			sourceTree = "<group>";
		};
		C0BE98CB1913E8E200C2990E /* OCMock */ = {
			isa = PBXGroup;
			children = (
				C0BE98CC1913E8E200C2990E /* NSNotificationCenter+OCMAdditions.h */,
				C0BE98CD1913E8E200C2990E /* OCMArg.h */,
				C0BE98CE1913E8E200C2990E /* OCMConstraint.h */,
				C0BE98CF1913E8E200C2990E /* OCMock.h */,
				C0BE98D01913E8E200C2990E /* OCMockObject.h */,
				C0BE98D11913E8E200C2990E /* OCMockRecorder.h */,
			);
			path = OCMock;
			sourceTree = "<group>";
		};
		C0DCB1651905D9F400E29DBB = {
			isa = PBXGroup;
			children = (
				C0DCB1771905D9F400E29DBB /* Talk Lists */,
				C0DCB1991905D9F400E29DBB /* Talk ListsTests */,
				C0BE98C51913E87F00C2990E /* usr */,
				C0DCB1701905D9F400E29DBB /* Frameworks */,
				C0DCB16F1905D9F400E29DBB /* Products */,
				5FA84C67E56C4BDCBB730AEF /* Pods.xcconfig */,
			);
			sourceTree = "<group>";
		};
		C0DCB16F1905D9F400E29DBB /* Products */ = {
			isa = PBXGroup;
			children = (
				C0DCB16E1905D9F400E29DBB /* Talk Lists.app */,
				C0DCB1921905D9F400E29DBB /* Talk ListsTests.xctest */,
			);
			name = Products;
			sourceTree = "<group>";
		};
		C0DCB1701905D9F400E29DBB /* Frameworks */ = {
			isa = PBXGroup;
			children = (
				C027013B192A47A600F954EA /* Rejecto.framework */,
				C0270121192A3B4300F954EA /* AudioToolbox.framework */,
				C027011F192A3B3000F954EA /* AVFoundation.framework */,
				C0072C6D191BC474000254A8 /* AssetsLibrary.framework */,
				C02D55321917F95F006955E7 /* CoreData.framework */,
				C0DCB1711905D9F400E29DBB /* Foundation.framework */,
				C0DCB1731905D9F400E29DBB /* CoreGraphics.framework */,
				C0DCB1751905D9F400E29DBB /* UIKit.framework */,
				C0DCB1931905D9F400E29DBB /* XCTest.framework */,
				A39B4F7EF9E14A239DC702B6 /* libPods.a */,
			);
			name = Frameworks;
			sourceTree = "<group>";
		};
		C0DCB1771905D9F400E29DBB /* Talk Lists */ = {
			isa = PBXGroup;
			children = (
				C016BFEA194D0EF200FE5B45 /* Obsolete - unused */,
				C0EBBF3919479518001F79D0 /* Talk Lists.entitlements */,
				C0DE5A381938BFFA00909BD5 /* ReadMe.md */,
				C0230218192A5870006DEF7A /* Framework */,
				C0F532D6191167E40023CEF0 /* Browse */,
				C036A97A190C28F000D1F251 /* View */,
				C036A978190C283100D1F251 /* New Guide */,
				C0DCB1801905D9F400E29DBB /* TalkListAppDelegate.h */,
				C0DCB1811905D9F400E29DBB /* TalkListAppDelegate.m */,
				C0DCB18C1905D9F400E29DBB /* Images.xcassets */,
				C0DCB1781905D9F400E29DBB /* Supporting Files */,
			);
			path = "Talk Lists";
			sourceTree = "<group>";
		};
		C0DCB1781905D9F400E29DBB /* Supporting Files */ = {
			isa = PBXGroup;
			children = (
				C0DCB1791905D9F400E29DBB /* Talk Lists-Info.plist */,
				C0DCB17A1905D9F400E29DBB /* InfoPlist.strings */,
				C0DCB17D1905D9F400E29DBB /* main.m */,
				C0DCB17F1905D9F400E29DBB /* Talk Lists-Prefix.pch */,
			);
			name = "Supporting Files";
			sourceTree = "<group>";
		};
		C0DCB1991905D9F400E29DBB /* Talk ListsTests */ = {
			isa = PBXGroup;
			children = (
				C0BE98AF1913D0B300C2990E /* ArrayDataSourceTest.m */,
				C02BFBA119190D7500F6A035 /* Guide+Addendums.m */,
				C0443FAC1955D229006ADA60 /* PFGuideTest.m */,
				C08B3110193E14E000CE49F9 /* EditGuideViewControllerTest.m */,
				C0DCB19A1905D9F400E29DBB /* Supporting Files */,
				C045B733194FF0F800DE2B08 /* ShareControllerTest.m */,
			);
			path = "Talk ListsTests";
			sourceTree = "<group>";
		};
		C0DCB19A1905D9F400E29DBB /* Supporting Files */ = {
			isa = PBXGroup;
			children = (
				C0DCB19B1905D9F400E29DBB /* Talk ListsTests-Info.plist */,
				C0DCB19C1905D9F400E29DBB /* InfoPlist.strings */,
			);
			name = "Supporting Files";
			sourceTree = "<group>";
		};
		C0F532D6191167E40023CEF0 /* Browse */ = {
			isa = PBXGroup;
			children = (
				C0F532D81911684D0023CEF0 /* Specific Category */,
				C0F532D71911681A0023CEF0 /* Categories */,
				C036A979190C28CA00D1F251 /* Guide Detail */,
			);
			name = Browse;
			sourceTree = "<group>";
		};
		C0F532D71911681A0023CEF0 /* Categories */ = {
			isa = PBXGroup;
			children = (
				C0F532DA19116A390023CEF0 /* Model */,
			);
			name = Categories;
			sourceTree = "<group>";
		};
		C0F532D81911684D0023CEF0 /* Specific Category */ = {
			isa = PBXGroup;
			children = (
				C03D6B4A1911827200CC213B /* Model */,
			);
			name = "Specific Category";
			sourceTree = "<group>";
		};
		C0F532D9191168830023CEF0 /* Controllers */ = {
			isa = PBXGroup;
			children = (
				C047761B190848250085833C /* GuideDetailViewController.h */,
				C047761C190848250085833C /* GuideDetailViewController.m */,
				C045B730194FE31300DE2B08 /* ShareController.h */,
				C045B731194FE31300DE2B08 /* ShareController.m */,
				C0270138192A3E7F00F954EA /* dialogController.h */,
				C08B144E192AC84300E70FCF /* dialogControllerDelegate.h */,
				C0270139192A3E7F00F954EA /* dialogController.m */,
			);
			name = Controllers;
			sourceTree = "<group>";
		};
		C0F532DA19116A390023CEF0 /* Model */ = {
			isa = PBXGroup;
			children = (
				C0F532DD191178A20023CEF0 /* GuideCategories.h */,
				C0F532DE191178A20023CEF0 /* GuideCategories.m */,
			);
			name = Model;
			sourceTree = "<group>";
		};
		C0F532DB19116A480023CEF0 /* Controllers */ = {
			isa = PBXGroup;
			children = (
				C0DCB1A91905E22100E29DBB /* CatagoriesViewController.h */,
				C0DCB1AA1905E22100E29DBB /* CatagoriesViewController.m */,
			);
			name = Controllers;
			sourceTree = "<group>";
		};
/* End PBXGroup section */

/* Begin PBXNativeTarget section */
		C0DCB16D1905D9F400E29DBB /* Talk Lists */ = {
			isa = PBXNativeTarget;
			buildConfigurationList = C0DCB1A31905D9F400E29DBB /* Build configuration list for PBXNativeTarget "Talk Lists" */;
			buildPhases = (
				E025F90BF89B4D14B97F158B /* Check Pods Manifest.lock */,
				C0DCB16A1905D9F400E29DBB /* Sources */,
				C0DCB16B1905D9F400E29DBB /* Frameworks */,
				C0DCB16C1905D9F400E29DBB /* Resources */,
				BA5236DAD0D840C8A5E46259 /* Copy Pods Resources */,
			);
			buildRules = (
			);
			dependencies = (
			);
			name = "Talk Lists";
			productName = "Talk Lists";
			productReference = C0DCB16E1905D9F400E29DBB /* Talk Lists.app */;
			productType = "com.apple.product-type.application";
		};
		C0DCB1911905D9F400E29DBB /* Talk ListsTests */ = {
			isa = PBXNativeTarget;
			buildConfigurationList = C0DCB1A61905D9F400E29DBB /* Build configuration list for PBXNativeTarget "Talk ListsTests" */;
			buildPhases = (
				C0DCB18E1905D9F400E29DBB /* Sources */,
				C0DCB18F1905D9F400E29DBB /* Frameworks */,
				C0DCB1901905D9F400E29DBB /* Resources */,
			);
			buildRules = (
			);
			dependencies = (
				C0DCB1981905D9F400E29DBB /* PBXTargetDependency */,
			);
			name = "Talk ListsTests";
			productName = "Talk ListsTests";
			productReference = C0DCB1921905D9F400E29DBB /* Talk ListsTests.xctest */;
			productType = "com.apple.product-type.bundle.unit-test";
		};
/* End PBXNativeTarget section */

/* Begin PBXProject section */
		C0DCB1661905D9F400E29DBB /* Project object */ = {
			isa = PBXProject;
			attributes = {
				CLASSPREFIX = TalkList;
				LastUpgradeCheck = 0510;
				ORGANIZATIONNAME = GriffTech;
				TargetAttributes = {
					C0DCB16D1905D9F400E29DBB = {
						DevelopmentTeam = YUPQ2JVR7Q;
						SystemCapabilities = {
							com.apple.iCloud = {
								enabled = 0;
							};
						};
					};
					C0DCB1911905D9F400E29DBB = {
						TestTargetID = C0DCB16D1905D9F400E29DBB;
					};
				};
			};
			buildConfigurationList = C0DCB1691905D9F400E29DBB /* Build configuration list for PBXProject "Talk Lists" */;
			compatibilityVersion = "Xcode 3.2";
			developmentRegion = English;
			hasScannedForEncodings = 0;
			knownRegions = (
				en,
				Base,
			);
			mainGroup = C0DCB1651905D9F400E29DBB;
			productRefGroup = C0DCB16F1905D9F400E29DBB /* Products */;
			projectDirPath = "";
			projectRoot = "";
			targets = (
				C0DCB16D1905D9F400E29DBB /* Talk Lists */,
				C0DCB1911905D9F400E29DBB /* Talk ListsTests */,
			);
		};
/* End PBXProject section */

/* Begin PBXResourcesBuildPhase section */
		C0DCB16C1905D9F400E29DBB /* Resources */ = {
			isa = PBXResourcesBuildPhase;
			buildActionMask = 2147483647;
			files = (
				C0DCB1881905D9F400E29DBB /* Main_iPad.storyboard in Resources */,
				C0DCB18D1905D9F400E29DBB /* Images.xcassets in Resources */,
				C0DCB1851905D9F400E29DBB /* Main_iPhone.storyboard in Resources */,
				C023021C192A5870006DEF7A /* AcousticModelSpanish.bundle in Resources */,
				C023021B192A5870006DEF7A /* AcousticModelEnglish.bundle in Resources */,
				C0DE5A391938BFFA00909BD5 /* ReadMe.md in Resources */,
				C0DCB17C1905D9F400E29DBB /* InfoPlist.strings in Resources */,
			);
			runOnlyForDeploymentPostprocessing = 0;
		};
		C0DCB1901905D9F400E29DBB /* Resources */ = {
			isa = PBXResourcesBuildPhase;
			buildActionMask = 2147483647;
			files = (
				C0DCB19E1905D9F400E29DBB /* InfoPlist.strings in Resources */,
			);
			runOnlyForDeploymentPostprocessing = 0;
		};
/* End PBXResourcesBuildPhase section */

/* Begin PBXShellScriptBuildPhase section */
		BA5236DAD0D840C8A5E46259 /* Copy Pods Resources */ = {
			isa = PBXShellScriptBuildPhase;
			buildActionMask = 2147483647;
			files = (
			);
			inputPaths = (
			);
			name = "Copy Pods Resources";
			outputPaths = (
			);
			runOnlyForDeploymentPostprocessing = 0;
			shellPath = /bin/sh;
			shellScript = "\"${SRCROOT}/Pods/Pods-resources.sh\"\n";
			showEnvVarsInLog = 0;
		};
		E025F90BF89B4D14B97F158B /* Check Pods Manifest.lock */ = {
			isa = PBXShellScriptBuildPhase;
			buildActionMask = 2147483647;
			files = (
			);
			inputPaths = (
			);
			name = "Check Pods Manifest.lock";
			outputPaths = (
			);
			runOnlyForDeploymentPostprocessing = 0;
			shellPath = /bin/sh;
			shellScript = "diff \"${PODS_ROOT}/../Podfile.lock\" \"${PODS_ROOT}/Manifest.lock\" > /dev/null\nif [[ $? != 0 ]] ; then\n    cat << EOM\nerror: The sandbox is not in sync with the Podfile.lock. Run 'pod install' or update your CocoaPods installation.\nEOM\n    exit 1\nfi\n";
			showEnvVarsInLog = 0;
		};
/* End PBXShellScriptBuildPhase section */

/* Begin PBXSourcesBuildPhase section */
		C0DCB16A1905D9F400E29DBB /* Sources */ = {
			isa = PBXSourcesBuildPhase;
			buildActionMask = 2147483647;
			files = (
				C0270137192A3E5000F954EA /* languageOpenEars.m in Sources */,
				C035E9A219310E0000DBBE4A /* UITextField+SlideViews.m in Sources */,
				C046D85619180F9300212B5E /* Step+Addendums.m in Sources */,
				C06E4A40191EBE7800093160 /* Guide.m in Sources */,
				C0D898B31959BCBF00ED251C /* PFPhoto.m in Sources */,
				C02BEAAE190EA10E0092426E /* voice.m in Sources */,
				C06B50EB192434E0002EF96C /* fetchedResultsDataSource.m in Sources */,
				C0B0F2A81916B7E300CD8114 /* UIView+SuperView.m in Sources */,
				C02BEAA6190E9F810092426E /* voiceSettingsViewController.m in Sources */,
				C03D6B4E1911832A00CC213B /* ArrayDataSource.m in Sources */,
				C0BC64B9190D85D6002F42D1 /* previewViewController.m in Sources */,
				C0FC202C192E247D007213AB /* MyGuidesViewController.m in Sources */,
				C0DCB1AB1905E22100E29DBB /* CatagoriesViewController.m in Sources */,
				C080B7F51947379D0092BC91 /* Photo.m in Sources */,
				C0DCB18B1905D9F400E29DBB /* TalkListViewController.m in Sources */,
				C0E9A1411941F1FD001C65DE /* UIImageView+SlideViews.m in Sources */,
				C0B0F2A51916AEDB00CD8114 /* stepCell.m in Sources */,
				C035E9A5193115B200DBBE4A /* UITextView+SlideViews.m in Sources */,
				C027013A192A3E7F00F954EA /* dialogController.m in Sources */,
				C046D85319180F6300212B5E /* Guide+Addendums.m in Sources */,
				C02BFBA619193D4300F6A035 /* titleView.m in Sources */,
				C0F532DF191178A20023CEF0 /* GuideCategories.m in Sources */,
				C02BFBAB19195F6D00F6A035 /* stepView.m in Sources */,
				C047761D190848250085833C /* GuideDetailViewController.m in Sources */,
				C045B72F194F7B5300DE2B08 /* PFGuide.m in Sources */,
				C067BEB9192FCA0E00996DF8 /* EditGuideViewController.m in Sources */,
				C0DCB1821905D9F400E29DBB /* TalkListAppDelegate.m in Sources */,
				C067BEBC192FDBB500996DF8 /* guideCell.m in Sources */,
				C0ECA732195507D000EF98AA /* PFStep.m in Sources */,
				C0DCB1AE1905F01900E29DBB /* CategoryTableViewController.m in Sources */,
				C0DCB17E1905D9F400E29DBB /* main.m in Sources */,
				C0EF2100190B1BA5000E95B9 /* addPhotoViewController.m in Sources */,
				C0072C7A191BD249000254A8 /* Step.m in Sources */,
				C045B732194FE31300DE2B08 /* ShareController.m in Sources */,
				C046D84419180B5800212B5E /* GuideModel.xcdatamodeld in Sources */,
				C0443FB019570FA4006ADA60 /* parseDataSource.m in Sources */,
				C046D85919180FB500212B5E /* Photo+Addendums.m in Sources */,
				C02BEAAA190EA0EC0092426E /* SpeakingController.m in Sources */,
				C0270133192A3E2700F954EA /* ListeningController.m in Sources */,
				C0072C71191BCE62000254A8 /* UIImage+Resize.m in Sources */,
				C06E4A43191EE64800093160 /* ALAssetsLibrary+CustomPhotoAlbum.m in Sources */,
			);
			runOnlyForDeploymentPostprocessing = 0;
		};
		C0DCB18E1905D9F400E29DBB /* Sources */ = {
			isa = PBXSourcesBuildPhase;
			buildActionMask = 2147483647;
			files = (
				C02BFBA219190D7500F6A035 /* Guide+Addendums.m in Sources */,
				C0443FAD1955D229006ADA60 /* PFGuideTest.m in Sources */,
				C0BE98B01913D0B300C2990E /* ArrayDataSourceTest.m in Sources */,
				C08B3111193E14E000CE49F9 /* EditGuideViewControllerTest.m in Sources */,
				C045B734194FF0F800DE2B08 /* ShareControllerTest.m in Sources */,
			);
			runOnlyForDeploymentPostprocessing = 0;
		};
/* End PBXSourcesBuildPhase section */

/* Begin PBXTargetDependency section */
		C0DCB1981905D9F400E29DBB /* PBXTargetDependency */ = {
			isa = PBXTargetDependency;
			target = C0DCB16D1905D9F400E29DBB /* Talk Lists */;
			targetProxy = C0DCB1971905D9F400E29DBB /* PBXContainerItemProxy */;
		};
/* End PBXTargetDependency section */

/* Begin PBXVariantGroup section */
		C0DCB17A1905D9F400E29DBB /* InfoPlist.strings */ = {
			isa = PBXVariantGroup;
			children = (
				C0DCB17B1905D9F400E29DBB /* en */,
			);
			name = InfoPlist.strings;
			sourceTree = "<group>";
		};
		C0DCB1831905D9F400E29DBB /* Main_iPhone.storyboard */ = {
			isa = PBXVariantGroup;
			children = (
				C0DCB1841905D9F400E29DBB /* Base */,
			);
			name = Main_iPhone.storyboard;
			sourceTree = "<group>";
		};
		C0DCB1861905D9F400E29DBB /* Main_iPad.storyboard */ = {
			isa = PBXVariantGroup;
			children = (
				C0DCB1871905D9F400E29DBB /* Base */,
			);
			name = Main_iPad.storyboard;
			sourceTree = "<group>";
		};
		C0DCB19C1905D9F400E29DBB /* InfoPlist.strings */ = {
			isa = PBXVariantGroup;
			children = (
				C0DCB19D1905D9F400E29DBB /* en */,
			);
			name = InfoPlist.strings;
			sourceTree = "<group>";
		};
/* End PBXVariantGroup section */

/* Begin XCBuildConfiguration section */
		C0DCB1A11905D9F400E29DBB /* Debug */ = {
			isa = XCBuildConfiguration;
			buildSettings = {
				ALWAYS_SEARCH_USER_PATHS = NO;
				ARCHS = "$(ARCHS_STANDARD)";
				CLANG_CXX_LANGUAGE_STANDARD = "gnu++0x";
				CLANG_CXX_LIBRARY = "libc++";
				CLANG_ENABLE_MODULES = YES;
				CLANG_ENABLE_OBJC_ARC = YES;
				CLANG_WARN_BOOL_CONVERSION = YES;
				CLANG_WARN_CONSTANT_CONVERSION = YES;
				CLANG_WARN_DIRECT_OBJC_ISA_USAGE = YES_ERROR;
				CLANG_WARN_EMPTY_BODY = YES;
				CLANG_WARN_ENUM_CONVERSION = YES;
				CLANG_WARN_INT_CONVERSION = YES;
				CLANG_WARN_OBJC_ROOT_CLASS = YES_ERROR;
				CLANG_WARN__DUPLICATE_METHOD_MATCH = YES;
				"CODE_SIGN_IDENTITY[sdk=iphoneos*]" = "iPhone Developer";
				COPY_PHASE_STRIP = NO;
				GCC_C_LANGUAGE_STANDARD = gnu99;
				GCC_DYNAMIC_NO_PIC = NO;
				GCC_OPTIMIZATION_LEVEL = 0;
				GCC_PREPROCESSOR_DEFINITIONS = (
					"DEBUG=1",
					"$(inherited)",
				);
				GCC_SYMBOLS_PRIVATE_EXTERN = NO;
				GCC_WARN_64_TO_32_BIT_CONVERSION = YES;
				GCC_WARN_ABOUT_RETURN_TYPE = YES_ERROR;
				GCC_WARN_UNDECLARED_SELECTOR = YES;
				GCC_WARN_UNINITIALIZED_AUTOS = YES_AGGRESSIVE;
				GCC_WARN_UNUSED_FUNCTION = YES;
				GCC_WARN_UNUSED_VARIABLE = YES;
				IPHONEOS_DEPLOYMENT_TARGET = 7.1;
				ONLY_ACTIVE_ARCH = NO;
				OTHER_LDFLAGS = "-ObjC";
				PRODUCT_NAME = "Talk Lists";
				SDKROOT = iphoneos;
				TARGETED_DEVICE_FAMILY = "1,2";
				VALID_ARCHS = "armv7 armv7s,";
			};
			name = Debug;
		};
		C0DCB1A21905D9F400E29DBB /* Release */ = {
			isa = XCBuildConfiguration;
			buildSettings = {
				ALWAYS_SEARCH_USER_PATHS = NO;
				ARCHS = "$(ARCHS_STANDARD)";
				CLANG_CXX_LANGUAGE_STANDARD = "gnu++0x";
				CLANG_CXX_LIBRARY = "libc++";
				CLANG_ENABLE_MODULES = YES;
				CLANG_ENABLE_OBJC_ARC = YES;
				CLANG_WARN_BOOL_CONVERSION = YES;
				CLANG_WARN_CONSTANT_CONVERSION = YES;
				CLANG_WARN_DIRECT_OBJC_ISA_USAGE = YES_ERROR;
				CLANG_WARN_EMPTY_BODY = YES;
				CLANG_WARN_ENUM_CONVERSION = YES;
				CLANG_WARN_INT_CONVERSION = YES;
				CLANG_WARN_OBJC_ROOT_CLASS = YES_ERROR;
				CLANG_WARN__DUPLICATE_METHOD_MATCH = YES;
				"CODE_SIGN_IDENTITY[sdk=iphoneos*]" = "iPhone Developer";
				COPY_PHASE_STRIP = YES;
				ENABLE_NS_ASSERTIONS = NO;
				GCC_C_LANGUAGE_STANDARD = gnu99;
				GCC_WARN_64_TO_32_BIT_CONVERSION = YES;
				GCC_WARN_ABOUT_RETURN_TYPE = YES_ERROR;
				GCC_WARN_UNDECLARED_SELECTOR = YES;
				GCC_WARN_UNINITIALIZED_AUTOS = YES_AGGRESSIVE;
				GCC_WARN_UNUSED_FUNCTION = YES;
				GCC_WARN_UNUSED_VARIABLE = YES;
				IPHONEOS_DEPLOYMENT_TARGET = 7.1;
				ONLY_ACTIVE_ARCH = NO;
				OTHER_LDFLAGS = "-ObjC";
				PRODUCT_NAME = "Talk Lists";
				SDKROOT = iphoneos;
				TARGETED_DEVICE_FAMILY = "1,2";
				VALIDATE_PRODUCT = YES;
				VALID_ARCHS = "armv7 armv7s,";
			};
			name = Release;
		};
		C0DCB1A41905D9F400E29DBB /* Debug */ = {
			isa = XCBuildConfiguration;
			baseConfigurationReference = 5FA84C67E56C4BDCBB730AEF /* Pods.xcconfig */;
			buildSettings = {
				ARCHS = "$(ARCHS_STANDARD_32_BIT)";
				ASSETCATALOG_COMPILER_APPICON_NAME = AppIcon;
				ASSETCATALOG_COMPILER_LAUNCHIMAGE_NAME = LaunchImage;
				CODE_SIGN_IDENTITY = "iPhone Developer";
				"CODE_SIGN_IDENTITY[sdk=iphoneos*]" = "iPhone Developer";
				FRAMEWORK_SEARCH_PATHS = (
					"$(inherited)",
					"$(PROJECT_DIR)/Talk\\ Lists",
					/Users/susanelias/Documents/Developer/OpenEarsDistribution/Framework,
					/Users/susanelias/Documents/Developer/Rejecto,
					"$(PROJECT_DIR)/Framework",
				);
				GCC_PRECOMPILE_PREFIX_HEADER = YES;
				GCC_PREFIX_HEADER = "Talk Lists/Talk Lists-Prefix.pch";
				INFOPLIST_FILE = "Talk Lists/Talk Lists-Info.plist";
				IPHONEOS_DEPLOYMENT_TARGET = 7.0;
				LIBRARY_SEARCH_PATHS = (
					"$(inherited)",
					"$(PROJECT_DIR)",
					"$(PROJECT_DIR)/usr/lib",
				);
				ONLY_ACTIVE_ARCH = NO;
				PRODUCT_NAME = "Talk Lists";
				PROVISIONING_PROFILE = "";
				WRAPPER_EXTENSION = app;
			};
			name = Debug;
		};
		C0DCB1A51905D9F400E29DBB /* Release */ = {
			isa = XCBuildConfiguration;
			baseConfigurationReference = 5FA84C67E56C4BDCBB730AEF /* Pods.xcconfig */;
			buildSettings = {
				ARCHS = "$(ARCHS_STANDARD_32_BIT)";
				ASSETCATALOG_COMPILER_APPICON_NAME = AppIcon;
				ASSETCATALOG_COMPILER_LAUNCHIMAGE_NAME = LaunchImage;
				CODE_SIGN_IDENTITY = "iPhone Developer";
				"CODE_SIGN_IDENTITY[sdk=iphoneos*]" = "iPhone Developer";
				FRAMEWORK_SEARCH_PATHS = (
					"$(inherited)",
					"$(PROJECT_DIR)/Talk\\ Lists",
					/Users/susanelias/Documents/Developer/OpenEarsDistribution/Framework,
					/Users/susanelias/Documents/Developer/Rejecto,
					"$(PROJECT_DIR)/Framework",
				);
				GCC_PRECOMPILE_PREFIX_HEADER = YES;
				GCC_PREFIX_HEADER = "Talk Lists/Talk Lists-Prefix.pch";
				INFOPLIST_FILE = "Talk Lists/Talk Lists-Info.plist";
				IPHONEOS_DEPLOYMENT_TARGET = 7.0;
				LIBRARY_SEARCH_PATHS = (
					"$(inherited)",
					"$(PROJECT_DIR)",
					"$(PROJECT_DIR)/usr/lib",
				);
				ONLY_ACTIVE_ARCH = NO;
				PRODUCT_NAME = "Talk Lists";
				PROVISIONING_PROFILE = "";
				WRAPPER_EXTENSION = app;
			};
			name = Release;
		};
		C0DCB1A71905D9F400E29DBB /* Debug */ = {
			isa = XCBuildConfiguration;
			buildSettings = {
				BUNDLE_LOADER = "$(BUILT_PRODUCTS_DIR)/Talk Lists.app/Talk Lists";
				FRAMEWORK_SEARCH_PATHS = (
					"$(SDKROOT)/Developer/Library/Frameworks",
					"$(inherited)",
					"$(DEVELOPER_FRAMEWORKS_DIR)",
					"$(PROJECT_DIR)/Framework",
				);
				GCC_PRECOMPILE_PREFIX_HEADER = YES;
				GCC_PREFIX_HEADER = "Talk Lists/Talk Lists-Prefix.pch";
				GCC_PREPROCESSOR_DEFINITIONS = (
					"DEBUG=1",
					"$(inherited)",
				);
				HEADER_SEARCH_PATHS = (
					"$(inherited)",
					/Applications/Xcode.app/Contents/Developer/Toolchains/XcodeDefault.xctoolchain/usr/include,
					"$(SRCROOT)/usr/include/**",
					"\"${PODS_ROOT}/Headers\"",
					"\"${PODS_ROOT}/Headers/Parse\"",
				);
				INFOPLIST_FILE = "Talk ListsTests/Talk ListsTests-Info.plist";
				LIBRARY_SEARCH_PATHS = (
					"$(inherited)",
					"$(PROJECT_DIR)",
				);
				OTHER_CFLAGS = (
					"\"${PODS_ROOT}/Headers\"",
					"-isystem",
					"\"${PODS_ROOT}/Headers/Parse\"",
					"-isystem",
				);
				OTHER_LDFLAGS = (
					"-ObjC",
					"-framework",
					Parse,
				);
				POD_ROOT = "${SRCROOT}/Pods";
				PRODUCT_NAME = "$(TARGET_NAME)";
				TEST_HOST = "$(BUNDLE_LOADER)";
				WRAPPER_EXTENSION = xctest;
			};
			name = Debug;
		};
		C0DCB1A81905D9F400E29DBB /* Release */ = {
			isa = XCBuildConfiguration;
			buildSettings = {
				BUNDLE_LOADER = "$(BUILT_PRODUCTS_DIR)/Talk Lists.app/Talk Lists";
				FRAMEWORK_SEARCH_PATHS = (
					"$(SDKROOT)/Developer/Library/Frameworks",
					"$(inherited)",
					"$(DEVELOPER_FRAMEWORKS_DIR)",
				);
				GCC_PRECOMPILE_PREFIX_HEADER = YES;
				GCC_PREFIX_HEADER = "Talk Lists/Talk Lists-Prefix.pch";
				HEADER_SEARCH_PATHS = (
					"$(inherited)",
					/Applications/Xcode.app/Contents/Developer/Toolchains/XcodeDefault.xctoolchain/usr/include,
					"$(SRCROOT)/usr/include/**",
					"\"${PODS_ROOT}/Headers\"",
					"\"${PODS_ROOT}/Headers/Parse\"",
				);
				INFOPLIST_FILE = "Talk ListsTests/Talk ListsTests-Info.plist";
				LIBRARY_SEARCH_PATHS = (
					"$(inherited)",
					"$(PROJECT_DIR)",
				);
				OTHER_CFLAGS = (
					"\"${PODS_ROOT}/Headers\"",
					"-isystem",
					"\"${PODS_ROOT}/Headers/Parse\"",
					"-isystem",
				);
				POD_ROOT = "${SRCROOT}/Pods";
				PRODUCT_NAME = "$(TARGET_NAME)";
				TEST_HOST = "$(BUNDLE_LOADER)";
				WRAPPER_EXTENSION = xctest;
			};
			name = Release;
		};
/* End XCBuildConfiguration section */

/* Begin XCConfigurationList section */
		C0DCB1691905D9F400E29DBB /* Build configuration list for PBXProject "Talk Lists" */ = {
			isa = XCConfigurationList;
			buildConfigurations = (
				C0DCB1A11905D9F400E29DBB /* Debug */,
				C0DCB1A21905D9F400E29DBB /* Release */,
			);
			defaultConfigurationIsVisible = 0;
			defaultConfigurationName = Release;
		};
		C0DCB1A31905D9F400E29DBB /* Build configuration list for PBXNativeTarget "Talk Lists" */ = {
			isa = XCConfigurationList;
			buildConfigurations = (
				C0DCB1A41905D9F400E29DBB /* Debug */,
				C0DCB1A51905D9F400E29DBB /* Release */,
			);
			defaultConfigurationIsVisible = 0;
			defaultConfigurationName = Release;
		};
		C0DCB1A61905D9F400E29DBB /* Build configuration list for PBXNativeTarget "Talk ListsTests" */ = {
			isa = XCConfigurationList;
			buildConfigurations = (
				C0DCB1A71905D9F400E29DBB /* Debug */,
				C0DCB1A81905D9F400E29DBB /* Release */,
			);
			defaultConfigurationIsVisible = 0;
			defaultConfigurationName = Release;
		};
/* End XCConfigurationList section */

/* Begin XCVersionGroup section */
		C046D84219180B5800212B5E /* GuideModel.xcdatamodeld */ = {
			isa = XCVersionGroup;
			children = (
				C046D84319180B5800212B5E /* GuideModel.xcdatamodel */,
			);
			currentVersion = C046D84319180B5800212B5E /* GuideModel.xcdatamodel */;
			name = GuideModel.xcdatamodeld;
			path = "Model - core data/GuideModel.xcdatamodeld";
			sourceTree = "<group>";
			versionGroupType = wrapper.xcdatamodel;
		};
/* End XCVersionGroup section */
	};
	rootObject = C0DCB1661905D9F400E29DBB /* Project object */;
}
