// !$*UTF8*$!
{
	archiveVersion = 1;
	classes = {
	};
	objectVersion = 46;
	objects = {

/* Begin PBXBuildFile section */
		C001E3E919733D5800E9AF23 /* GuideQueryTableViewController.m in Sources */ = {isa = PBXBuildFile; fileRef = C001E3E819733D5800E9AF23 /* GuideQueryTableViewController.m */; };
		C0072C6E191BC474000254A8 /* AssetsLibrary.framework in Frameworks */ = {isa = PBXBuildFile; fileRef = C0072C6D191BC474000254A8 /* AssetsLibrary.framework */; };
		C0072C71191BCE62000254A8 /* UIImage+Resize.m in Sources */ = {isa = PBXBuildFile; fileRef = C0072C70191BCE62000254A8 /* UIImage+Resize.m */; };
		C01035651A0925A90011E1AD /* SZTextView.m in Sources */ = {isa = PBXBuildFile; fileRef = C01035641A0925A90011E1AD /* SZTextView.m */; };
		C010356B1A09283E0011E1AD /* GuideDetailViewController.m in Sources */ = {isa = PBXBuildFile; fileRef = C010356A1A09283E0011E1AD /* GuideDetailViewController.m */; };
		C0195A611979484800EB01B7 /* DataEntryContainerViewController.m in Sources */ = {isa = PBXBuildFile; fileRef = C0195A601979484800EB01B7 /* DataEntryContainerViewController.m */; };
		C023021B192A5870006DEF7A /* AcousticModelEnglish.bundle in Resources */ = {isa = PBXBuildFile; fileRef = C0230219192A5870006DEF7A /* AcousticModelEnglish.bundle */; };
		C023021C192A5870006DEF7A /* AcousticModelSpanish.bundle in Resources */ = {isa = PBXBuildFile; fileRef = C023021A192A5870006DEF7A /* AcousticModelSpanish.bundle */; };
		C0270120192A3B3000F954EA /* AVFoundation.framework in Frameworks */ = {isa = PBXBuildFile; fileRef = C027011F192A3B3000F954EA /* AVFoundation.framework */; };
		C0270122192A3B4300F954EA /* AudioToolbox.framework in Frameworks */ = {isa = PBXBuildFile; fileRef = C0270121192A3B4300F954EA /* AudioToolbox.framework */; };
		C0270133192A3E2700F954EA /* ListeningController.m in Sources */ = {isa = PBXBuildFile; fileRef = C0270132192A3E2700F954EA /* ListeningController.m */; };
		C0270137192A3E5000F954EA /* languageOpenEars.m in Sources */ = {isa = PBXBuildFile; fileRef = C0270136192A3E5000F954EA /* languageOpenEars.m */; };
		C027013A192A3E7F00F954EA /* dialogController.m in Sources */ = {isa = PBXBuildFile; fileRef = C0270139192A3E7F00F954EA /* dialogController.m */; };
		C02BEAA6190E9F810092426E /* voiceSettingsViewController.m in Sources */ = {isa = PBXBuildFile; fileRef = C02BEAA5190E9F810092426E /* voiceSettingsViewController.m */; };
		C02BEAAA190EA0EC0092426E /* SpeakingController.m in Sources */ = {isa = PBXBuildFile; fileRef = C02BEAA9190EA0EC0092426E /* SpeakingController.m */; };
		C02BEAAE190EA10E0092426E /* voice.m in Sources */ = {isa = PBXBuildFile; fileRef = C02BEAAD190EA10E0092426E /* voice.m */; };
		C02BFBA01918192700F6A035 /* CoreData.framework in Frameworks */ = {isa = PBXBuildFile; fileRef = C02D55321917F95F006955E7 /* CoreData.framework */; };
		C02BFBA219190D7500F6A035 /* Guide+Addendums.m in Sources */ = {isa = PBXBuildFile; fileRef = C02BFBA119190D7500F6A035 /* Guide+Addendums.m */; };
		C02D55331917F95F006955E7 /* CoreData.framework in Frameworks */ = {isa = PBXBuildFile; fileRef = C02D55321917F95F006955E7 /* CoreData.framework */; };
		C0443FAD1955D229006ADA60 /* PFGuideTest.m in Sources */ = {isa = PBXBuildFile; fileRef = C0443FAC1955D229006ADA60 /* PFGuideTest.m */; };
		C045B72F194F7B5300DE2B08 /* PFGuide.m in Sources */ = {isa = PBXBuildFile; fileRef = C045B72E194F7B5300DE2B08 /* PFGuide.m */; };
		C045B734194FF0F800DE2B08 /* ShareControllerTest.m in Sources */ = {isa = PBXBuildFile; fileRef = C045B733194FF0F800DE2B08 /* ShareControllerTest.m */; };
		C04A817519A7AE5300791AA3 /* stepCell.m in Sources */ = {isa = PBXBuildFile; fileRef = C04A817419A7AE5300791AA3 /* stepCell.m */; };
		C04A833D19A7D35900791AA3 /* FBMissingSymbols.m in Sources */ = {isa = PBXBuildFile; fileRef = C04A833C19A7D35900791AA3 /* FBMissingSymbols.m */; };
		C04DE14F19D5BA370019AE22 /* Bolts.framework in Frameworks */ = {isa = PBXBuildFile; fileRef = C04DE14E19D5BA370019AE22 /* Bolts.framework */; };
		C04DE15119D5BBCE0019AE22 /* Accounts.framework in Frameworks */ = {isa = PBXBuildFile; fileRef = C04DE15019D5BBCE0019AE22 /* Accounts.framework */; };
		C054457819A7D5F2002083AA /* CFNetwork.framework in Frameworks */ = {isa = PBXBuildFile; fileRef = C054457719A7D5F2002083AA /* CFNetwork.framework */; };
		C054457A19A7D60A002083AA /* CoreLocation.framework in Frameworks */ = {isa = PBXBuildFile; fileRef = C054457919A7D60A002083AA /* CoreLocation.framework */; };
		C054457C19A7D61F002083AA /* libz.dylib in Frameworks */ = {isa = PBXBuildFile; fileRef = C054457B19A7D61F002083AA /* libz.dylib */; };
		C054457E19A7D63A002083AA /* MobileCoreServices.framework in Frameworks */ = {isa = PBXBuildFile; fileRef = C054457D19A7D63A002083AA /* MobileCoreServices.framework */; };
		C054458019A7D659002083AA /* QuartzCore.framework in Frameworks */ = {isa = PBXBuildFile; fileRef = C054457F19A7D659002083AA /* QuartzCore.framework */; };
		C054458219A7D66D002083AA /* Security.framework in Frameworks */ = {isa = PBXBuildFile; fileRef = C054458119A7D66D002083AA /* Security.framework */; };
		C054458619A7D691002083AA /* SystemConfiguration.framework in Frameworks */ = {isa = PBXBuildFile; fileRef = C054458519A7D691002083AA /* SystemConfiguration.framework */; };
		C054458819A7D726002083AA /* Social.framework in Frameworks */ = {isa = PBXBuildFile; fileRef = C054458719A7D726002083AA /* Social.framework */; };
		C067BEB9192FCA0E00996DF8 /* EditGuideViewController.m in Sources */ = {isa = PBXBuildFile; fileRef = C067BEB8192FCA0E00996DF8 /* EditGuideViewController.m */; };
		C0793BBA19D5B85B00369E3A /* Parse.framework in Frameworks */ = {isa = PBXBuildFile; fileRef = C0793BB919D5B85B00369E3A /* Parse.framework */; };
		C080B3C219E06D5200575753 /* AllGuidesViewController.m in Sources */ = {isa = PBXBuildFile; fileRef = C080B3C119E06D5200575753 /* AllGuidesViewController.m */; };
		C08265D719928C620025403F /* ILTranslucentView.m in Sources */ = {isa = PBXBuildFile; fileRef = C08265D619928C620025403F /* ILTranslucentView.m */; };
		C086DCEA197EF02A00E41EEB /* SpokenGuideCache.m in Sources */ = {isa = PBXBuildFile; fileRef = C086DCE9197EF02A00E41EEB /* SpokenGuideCache.m */; };
		C08B144D192A8D2C00E70FCF /* Rejecto.framework in Frameworks */ = {isa = PBXBuildFile; fileRef = C08B144C192A8D2C00E70FCF /* Rejecto.framework */; };
		C08B3111193E14E000CE49F9 /* EditGuideViewControllerTest.m in Sources */ = {isa = PBXBuildFile; fileRef = C08B3110193E14E000CE49F9 /* EditGuideViewControllerTest.m */; };
		C0A4DD6F19D062F800BB8234 /* GameKit.framework in Frameworks */ = {isa = PBXBuildFile; fileRef = C0A4DD6E19D062F800BB8234 /* GameKit.framework */; };
		C0A4DD7119D0630100BB8234 /* StoreKit.framework in Frameworks */ = {isa = PBXBuildFile; fileRef = C0A4DD7019D0630100BB8234 /* StoreKit.framework */; };
		C0AA902619829DB5003B9B06 /* InitialViewController.m in Sources */ = {isa = PBXBuildFile; fileRef = C0AA902519829DB5003B9B06 /* InitialViewController.m */; };
		C0B09A601A0D2ABE00A30038 /* InfoTableViewController.m in Sources */ = {isa = PBXBuildFile; fileRef = C0B09A5F1A0D2ABE00A30038 /* InfoTableViewController.m */; };
		C0B5318C19DE08B300E201D0 /* AllGuidesViewController.h in Resources */ = {isa = PBXBuildFile; fileRef = C0B5318B19DE08B300E201D0 /* AllGuidesViewController.h */; };
		C0BC36AA19F16E6A00F25FD8 /* BNRDynamicTypeManagedButton.m in Sources */ = {isa = PBXBuildFile; fileRef = C0BC367519F16E6A00F25FD8 /* BNRDynamicTypeManagedButton.m */; };
		C0BC36AB19F16E6A00F25FD8 /* BNRDynamicTypeManagedLabel.m in Sources */ = {isa = PBXBuildFile; fileRef = C0BC367719F16E6A00F25FD8 /* BNRDynamicTypeManagedLabel.m */; };
		C0BC36AC19F16E6A00F25FD8 /* BNRDynamicTypeManagedTextField.m in Sources */ = {isa = PBXBuildFile; fileRef = C0BC367919F16E6A00F25FD8 /* BNRDynamicTypeManagedTextField.m */; };
		C0BC36AD19F16E6A00F25FD8 /* BNRDynamicTypeManagedTextView.m in Sources */ = {isa = PBXBuildFile; fileRef = C0BC367B19F16E6A00F25FD8 /* BNRDynamicTypeManagedTextView.m */; };
		C0BC36AE19F16E6A00F25FD8 /* BNRDynamicTypeManager.m in Sources */ = {isa = PBXBuildFile; fileRef = C0BC367E19F16E6A00F25FD8 /* BNRDynamicTypeManager.m */; };
		C0BE2F45197AA8E100241D23 /* ReadMe.md in Resources */ = {isa = PBXBuildFile; fileRef = C0BE2F44197AA8E100241D23 /* ReadMe.md */; };
		C0BE98B01913D0B300C2990E /* ArrayDataSourceTest.m in Sources */ = {isa = PBXBuildFile; fileRef = C0BE98AF1913D0B300C2990E /* ArrayDataSourceTest.m */; };
		C0BE98C91913E87F00C2990E /* libOCMock.a in Frameworks */ = {isa = PBXBuildFile; fileRef = C0BE98C81913E87F00C2990E /* libOCMock.a */; };
		C0CD61CE1989AAAC004C430F /* GuideUserSignUpViewController.m in Sources */ = {isa = PBXBuildFile; fileRef = C0CD61CD1989AAAC004C430F /* GuideUserSignUpViewController.m */; };
		C0D863A519783E7100CC68EF /* DataEntryViewController.m in Sources */ = {isa = PBXBuildFile; fileRef = C0D863A419783E7100CC68EF /* DataEntryViewController.m */; };
		C0D863AE1978AFC800CC68EF /* emptySegue.m in Sources */ = {isa = PBXBuildFile; fileRef = C0D863AD1978AFC800CC68EF /* emptySegue.m */; };
		C0DA1F191989A2CB00484255 /* MyAccountViewController.m in Sources */ = {isa = PBXBuildFile; fileRef = C0DA1F181989A2CB00484255 /* MyAccountViewController.m */; };
		C0DCB1721905D9F400E29DBB /* Foundation.framework in Frameworks */ = {isa = PBXBuildFile; fileRef = C0DCB1711905D9F400E29DBB /* Foundation.framework */; };
		C0DCB1741905D9F400E29DBB /* CoreGraphics.framework in Frameworks */ = {isa = PBXBuildFile; fileRef = C0DCB1731905D9F400E29DBB /* CoreGraphics.framework */; };
		C0DCB1761905D9F400E29DBB /* UIKit.framework in Frameworks */ = {isa = PBXBuildFile; fileRef = C0DCB1751905D9F400E29DBB /* UIKit.framework */; };
		C0DCB17C1905D9F400E29DBB /* InfoPlist.strings in Resources */ = {isa = PBXBuildFile; fileRef = C0DCB17A1905D9F400E29DBB /* InfoPlist.strings */; };
		C0DCB17E1905D9F400E29DBB /* main.m in Sources */ = {isa = PBXBuildFile; fileRef = C0DCB17D1905D9F400E29DBB /* main.m */; };
		C0DCB1821905D9F400E29DBB /* TalkListAppDelegate.m in Sources */ = {isa = PBXBuildFile; fileRef = C0DCB1811905D9F400E29DBB /* TalkListAppDelegate.m */; };
		C0DCB1851905D9F400E29DBB /* Main_iPhone.storyboard in Resources */ = {isa = PBXBuildFile; fileRef = C0DCB1831905D9F400E29DBB /* Main_iPhone.storyboard */; };
		C0DCB1881905D9F400E29DBB /* Main_iPad.storyboard in Resources */ = {isa = PBXBuildFile; fileRef = C0DCB1861905D9F400E29DBB /* Main_iPad.storyboard */; };
		C0DCB18D1905D9F400E29DBB /* Images.xcassets in Resources */ = {isa = PBXBuildFile; fileRef = C0DCB18C1905D9F400E29DBB /* Images.xcassets */; };
		C0DCB1941905D9F400E29DBB /* XCTest.framework in Frameworks */ = {isa = PBXBuildFile; fileRef = C0DCB1931905D9F400E29DBB /* XCTest.framework */; };
		C0DCB1951905D9F400E29DBB /* Foundation.framework in Frameworks */ = {isa = PBXBuildFile; fileRef = C0DCB1711905D9F400E29DBB /* Foundation.framework */; };
		C0DCB1961905D9F400E29DBB /* UIKit.framework in Frameworks */ = {isa = PBXBuildFile; fileRef = C0DCB1751905D9F400E29DBB /* UIKit.framework */; };
		C0DCB19E1905D9F400E29DBB /* InfoPlist.strings in Resources */ = {isa = PBXBuildFile; fileRef = C0DCB19C1905D9F400E29DBB /* InfoPlist.strings */; };
		C0E24E6F192A5A4B00C4F35A /* OpenEars.framework in Frameworks */ = {isa = PBXBuildFile; fileRef = C0E24E6E192A5A4B00C4F35A /* OpenEars.framework */; };
		C0E24E71192A5A5900C4F35A /* Slt.framework in Frameworks */ = {isa = PBXBuildFile; fileRef = C0E24E70192A5A5900C4F35A /* Slt.framework */; };
		C0ECA732195507D000EF98AA /* PFStep.m in Sources */ = {isa = PBXBuildFile; fileRef = C0ECA731195507D000EF98AA /* PFStep.m */; };
		C0EF2100190B1BA5000E95B9 /* addPhotoViewController.m in Sources */ = {isa = PBXBuildFile; fileRef = C0EF20FF190B1BA5000E95B9 /* addPhotoViewController.m */; };
		C0EFE28919771E4900553820 /* guideCell.m in Sources */ = {isa = PBXBuildFile; fileRef = C0EFE28819771E4900553820 /* guideCell.m */; };
		C0F290D619D307670045FFC5 /* Podfile.lock in Resources */ = {isa = PBXBuildFile; fileRef = C0F290D519D307670045FFC5 /* Podfile.lock */; };
		C0F532DF191178A20023CEF0 /* GuideCategories.m in Sources */ = {isa = PBXBuildFile; fileRef = C0F532DE191178A20023CEF0 /* GuideCategories.m */; };
		F05384D1F80548A7BDC6C99F /* libPods.a in Frameworks */ = {isa = PBXBuildFile; fileRef = A39B4F7EF9E14A239DC702B6 /* libPods.a */; };
/* End PBXBuildFile section */

/* Begin PBXContainerItemProxy section */
		C0DCB1971905D9F400E29DBB /* PBXContainerItemProxy */ = {
			isa = PBXContainerItemProxy;
			containerPortal = C0DCB1661905D9F400E29DBB /* Project object */;
			proxyType = 1;
			remoteGlobalIDString = C0DCB16D1905D9F400E29DBB;
			remoteInfo = "Talk Lists";
		};
/* End PBXContainerItemProxy section */

/* Begin PBXFileReference section */
		5FA84C67E56C4BDCBB730AEF /* Pods.xcconfig */ = {isa = PBXFileReference; includeInIndex = 1; lastKnownFileType = text.xcconfig; name = Pods.xcconfig; path = Pods/Pods.xcconfig; sourceTree = "<group>"; };
		A39B4F7EF9E14A239DC702B6 /* libPods.a */ = {isa = PBXFileReference; explicitFileType = archive.ar; includeInIndex = 0; path = libPods.a; sourceTree = BUILT_PRODUCTS_DIR; };
		C001E3E719733D5800E9AF23 /* GuideQueryTableViewController.h */ = {isa = PBXFileReference; fileEncoding = 4; lastKnownFileType = sourcecode.c.h; path = GuideQueryTableViewController.h; sourceTree = "<group>"; };
		C001E3E819733D5800E9AF23 /* GuideQueryTableViewController.m */ = {isa = PBXFileReference; fileEncoding = 4; lastKnownFileType = sourcecode.c.objc; path = GuideQueryTableViewController.m; sourceTree = "<group>"; };
		C0072C6D191BC474000254A8 /* AssetsLibrary.framework */ = {isa = PBXFileReference; lastKnownFileType = wrapper.framework; name = AssetsLibrary.framework; path = System/Library/Frameworks/AssetsLibrary.framework; sourceTree = SDKROOT; };
		C0072C6F191BCE62000254A8 /* UIImage+Resize.h */ = {isa = PBXFileReference; fileEncoding = 4; lastKnownFileType = sourcecode.c.h; path = "UIImage+Resize.h"; sourceTree = "<group>"; };
		C0072C70191BCE62000254A8 /* UIImage+Resize.m */ = {isa = PBXFileReference; fileEncoding = 4; lastKnownFileType = sourcecode.c.objc; path = "UIImage+Resize.m"; sourceTree = "<group>"; };
		C01035631A0925A90011E1AD /* SZTextView.h */ = {isa = PBXFileReference; fileEncoding = 4; lastKnownFileType = sourcecode.c.h; name = SZTextView.h; path = "Talk Lists/SZTextView/Classes/SZTextView.h"; sourceTree = SOURCE_ROOT; };
		C01035641A0925A90011E1AD /* SZTextView.m */ = {isa = PBXFileReference; fileEncoding = 4; lastKnownFileType = sourcecode.c.objc; name = SZTextView.m; path = "Talk Lists/SZTextView/Classes/SZTextView.m"; sourceTree = SOURCE_ROOT; };
		C01035691A09283E0011E1AD /* GuideDetailViewController.h */ = {isa = PBXFileReference; fileEncoding = 4; lastKnownFileType = sourcecode.c.h; path = GuideDetailViewController.h; sourceTree = "<group>"; };
		C010356A1A09283E0011E1AD /* GuideDetailViewController.m */ = {isa = PBXFileReference; fileEncoding = 4; lastKnownFileType = sourcecode.c.objc; path = GuideDetailViewController.m; sourceTree = "<group>"; };
		C0195A5F1979484800EB01B7 /* DataEntryContainerViewController.h */ = {isa = PBXFileReference; fileEncoding = 4; lastKnownFileType = sourcecode.c.h; path = DataEntryContainerViewController.h; sourceTree = "<group>"; };
		C0195A601979484800EB01B7 /* DataEntryContainerViewController.m */ = {isa = PBXFileReference; fileEncoding = 4; lastKnownFileType = sourcecode.c.objc; path = DataEntryContainerViewController.m; sourceTree = "<group>"; };
		C0195A62197952AD00EB01B7 /* DataEntryDelegate.h */ = {isa = PBXFileReference; lastKnownFileType = sourcecode.c.h; path = DataEntryDelegate.h; sourceTree = "<group>"; };
		C0230219192A5870006DEF7A /* AcousticModelEnglish.bundle */ = {isa = PBXFileReference; lastKnownFileType = "wrapper.plug-in"; path = AcousticModelEnglish.bundle; sourceTree = "<group>"; };
		C023021A192A5870006DEF7A /* AcousticModelSpanish.bundle */ = {isa = PBXFileReference; lastKnownFileType = "wrapper.plug-in"; path = AcousticModelSpanish.bundle; sourceTree = "<group>"; };
		C027011F192A3B3000F954EA /* AVFoundation.framework */ = {isa = PBXFileReference; lastKnownFileType = wrapper.framework; name = AVFoundation.framework; path = System/Library/Frameworks/AVFoundation.framework; sourceTree = SDKROOT; };
		C0270121192A3B4300F954EA /* AudioToolbox.framework */ = {isa = PBXFileReference; lastKnownFileType = wrapper.framework; name = AudioToolbox.framework; path = System/Library/Frameworks/AudioToolbox.framework; sourceTree = SDKROOT; };
		C0270131192A3E2700F954EA /* ListeningController.h */ = {isa = PBXFileReference; fileEncoding = 4; lastKnownFileType = sourcecode.c.h; path = ListeningController.h; sourceTree = "<group>"; };
		C0270132192A3E2700F954EA /* ListeningController.m */ = {isa = PBXFileReference; fileEncoding = 4; lastKnownFileType = sourcecode.c.objc; path = ListeningController.m; sourceTree = "<group>"; };
		C0270135192A3E5000F954EA /* languageOpenEars.h */ = {isa = PBXFileReference; fileEncoding = 4; lastKnownFileType = sourcecode.c.h; path = languageOpenEars.h; sourceTree = "<group>"; };
		C0270136192A3E5000F954EA /* languageOpenEars.m */ = {isa = PBXFileReference; fileEncoding = 4; lastKnownFileType = sourcecode.c.objc; path = languageOpenEars.m; sourceTree = "<group>"; };
		C0270138192A3E7F00F954EA /* dialogController.h */ = {isa = PBXFileReference; fileEncoding = 4; lastKnownFileType = sourcecode.c.h; path = dialogController.h; sourceTree = "<group>"; };
		C0270139192A3E7F00F954EA /* dialogController.m */ = {isa = PBXFileReference; fileEncoding = 4; lastKnownFileType = sourcecode.c.objc; path = dialogController.m; sourceTree = "<group>"; };
		C027013B192A47A600F954EA /* Rejecto.framework */ = {isa = PBXFileReference; lastKnownFileType = wrapper.framework; name = Rejecto.framework; path = ../Rejecto/Rejecto.framework; sourceTree = "<group>"; };
		C02BEAA4190E9F810092426E /* voiceSettingsViewController.h */ = {isa = PBXFileReference; fileEncoding = 4; lastKnownFileType = sourcecode.c.h; path = voiceSettingsViewController.h; sourceTree = "<group>"; };
		C02BEAA5190E9F810092426E /* voiceSettingsViewController.m */ = {isa = PBXFileReference; fileEncoding = 4; lastKnownFileType = sourcecode.c.objc; path = voiceSettingsViewController.m; sourceTree = "<group>"; };
		C02BEAA8190EA0EC0092426E /* SpeakingController.h */ = {isa = PBXFileReference; fileEncoding = 4; lastKnownFileType = sourcecode.c.h; path = SpeakingController.h; sourceTree = "<group>"; };
		C02BEAA9190EA0EC0092426E /* SpeakingController.m */ = {isa = PBXFileReference; fileEncoding = 4; lastKnownFileType = sourcecode.c.objc; path = SpeakingController.m; sourceTree = "<group>"; };
		C02BEAAC190EA10E0092426E /* voice.h */ = {isa = PBXFileReference; fileEncoding = 4; lastKnownFileType = sourcecode.c.h; path = voice.h; sourceTree = "<group>"; };
		C02BEAAD190EA10E0092426E /* voice.m */ = {isa = PBXFileReference; fileEncoding = 4; lastKnownFileType = sourcecode.c.objc; path = voice.m; sourceTree = "<group>"; };
		C02BFBA119190D7500F6A035 /* Guide+Addendums.m */ = {isa = PBXFileReference; fileEncoding = 4; lastKnownFileType = sourcecode.c.objc; path = "Guide+Addendums.m"; sourceTree = "<group>"; };
		C02D55321917F95F006955E7 /* CoreData.framework */ = {isa = PBXFileReference; lastKnownFileType = wrapper.framework; name = CoreData.framework; path = System/Library/Frameworks/CoreData.framework; sourceTree = SDKROOT; };
		C0443FAC1955D229006ADA60 /* PFGuideTest.m */ = {isa = PBXFileReference; fileEncoding = 4; lastKnownFileType = sourcecode.c.objc; path = PFGuideTest.m; sourceTree = "<group>"; };
		C045B72D194F7B5300DE2B08 /* PFGuide.h */ = {isa = PBXFileReference; fileEncoding = 4; lastKnownFileType = sourcecode.c.h; path = PFGuide.h; sourceTree = "<group>"; };
		C045B72E194F7B5300DE2B08 /* PFGuide.m */ = {isa = PBXFileReference; fileEncoding = 4; lastKnownFileType = sourcecode.c.objc; path = PFGuide.m; sourceTree = "<group>"; };
		C045B733194FF0F800DE2B08 /* ShareControllerTest.m */ = {isa = PBXFileReference; fileEncoding = 4; lastKnownFileType = sourcecode.c.objc; path = ShareControllerTest.m; sourceTree = "<group>"; };
		C04A817319A7AE5300791AA3 /* stepCell.h */ = {isa = PBXFileReference; fileEncoding = 4; lastKnownFileType = sourcecode.c.h; path = stepCell.h; sourceTree = "<group>"; };
		C04A817419A7AE5300791AA3 /* stepCell.m */ = {isa = PBXFileReference; fileEncoding = 4; lastKnownFileType = sourcecode.c.objc; path = stepCell.m; sourceTree = "<group>"; };
		C04A833C19A7D35900791AA3 /* FBMissingSymbols.m */ = {isa = PBXFileReference; fileEncoding = 4; lastKnownFileType = sourcecode.c.objc; path = FBMissingSymbols.m; sourceTree = "<group>"; };
		C04DE14E19D5BA370019AE22 /* Bolts.framework */ = {isa = PBXFileReference; lastKnownFileType = wrapper.framework; path = Bolts.framework; sourceTree = "<group>"; };
		C04DE15019D5BBCE0019AE22 /* Accounts.framework */ = {isa = PBXFileReference; lastKnownFileType = wrapper.framework; name = Accounts.framework; path = System/Library/Frameworks/Accounts.framework; sourceTree = SDKROOT; };
		C051A7EC1975BC5C00E5424C /* EditGuideViewControllerDelegate.h */ = {isa = PBXFileReference; lastKnownFileType = sourcecode.c.h; path = EditGuideViewControllerDelegate.h; sourceTree = "<group>"; };
		C054457719A7D5F2002083AA /* CFNetwork.framework */ = {isa = PBXFileReference; lastKnownFileType = wrapper.framework; name = CFNetwork.framework; path = System/Library/Frameworks/CFNetwork.framework; sourceTree = SDKROOT; };
		C054457919A7D60A002083AA /* CoreLocation.framework */ = {isa = PBXFileReference; lastKnownFileType = wrapper.framework; name = CoreLocation.framework; path = System/Library/Frameworks/CoreLocation.framework; sourceTree = SDKROOT; };
		C054457B19A7D61F002083AA /* libz.dylib */ = {isa = PBXFileReference; lastKnownFileType = "compiled.mach-o.dylib"; name = libz.dylib; path = usr/lib/libz.dylib; sourceTree = SDKROOT; };
		C054457D19A7D63A002083AA /* MobileCoreServices.framework */ = {isa = PBXFileReference; lastKnownFileType = wrapper.framework; name = MobileCoreServices.framework; path = System/Library/Frameworks/MobileCoreServices.framework; sourceTree = SDKROOT; };
		C054457F19A7D659002083AA /* QuartzCore.framework */ = {isa = PBXFileReference; lastKnownFileType = wrapper.framework; name = QuartzCore.framework; path = System/Library/Frameworks/QuartzCore.framework; sourceTree = SDKROOT; };
		C054458119A7D66D002083AA /* Security.framework */ = {isa = PBXFileReference; lastKnownFileType = wrapper.framework; name = Security.framework; path = System/Library/Frameworks/Security.framework; sourceTree = SDKROOT; };
		C054458519A7D691002083AA /* SystemConfiguration.framework */ = {isa = PBXFileReference; lastKnownFileType = wrapper.framework; name = SystemConfiguration.framework; path = System/Library/Frameworks/SystemConfiguration.framework; sourceTree = SDKROOT; };
		C054458719A7D726002083AA /* Social.framework */ = {isa = PBXFileReference; lastKnownFileType = wrapper.framework; name = Social.framework; path = System/Library/Frameworks/Social.framework; sourceTree = SDKROOT; };
		C067BEB7192FCA0E00996DF8 /* EditGuideViewController.h */ = {isa = PBXFileReference; fileEncoding = 4; lastKnownFileType = sourcecode.c.h; path = EditGuideViewController.h; sourceTree = "<group>"; };
		C067BEB8192FCA0E00996DF8 /* EditGuideViewController.m */ = {isa = PBXFileReference; fileEncoding = 4; lastKnownFileType = sourcecode.c.objc; path = EditGuideViewController.m; sourceTree = "<group>"; };
		C06BB676197437E000944D49 /* GuideQueryTableViewControllerDelegate.h */ = {isa = PBXFileReference; lastKnownFileType = sourcecode.c.h; path = GuideQueryTableViewControllerDelegate.h; sourceTree = "<group>"; };
		C0793BB919D5B85B00369E3A /* Parse.framework */ = {isa = PBXFileReference; lastKnownFileType = wrapper.framework; path = Parse.framework; sourceTree = "<group>"; };
		C080B3C119E06D5200575753 /* AllGuidesViewController.m */ = {isa = PBXFileReference; fileEncoding = 4; lastKnownFileType = sourcecode.c.objc; path = AllGuidesViewController.m; sourceTree = "<group>"; };
		C08265D519928C620025403F /* ILTranslucentView.h */ = {isa = PBXFileReference; fileEncoding = 4; lastKnownFileType = sourcecode.c.h; name = ILTranslucentView.h; path = "ILTranslucentView-master/Source/ILTranslucentView.h"; sourceTree = "<group>"; };
		C08265D619928C620025403F /* ILTranslucentView.m */ = {isa = PBXFileReference; fileEncoding = 4; lastKnownFileType = sourcecode.c.objc; name = ILTranslucentView.m; path = "ILTranslucentView-master/Source/ILTranslucentView.m"; sourceTree = "<group>"; };
		C086DCE8197EF02A00E41EEB /* SpokenGuideCache.h */ = {isa = PBXFileReference; fileEncoding = 4; lastKnownFileType = sourcecode.c.h; path = SpokenGuideCache.h; sourceTree = "<group>"; };
		C086DCE9197EF02A00E41EEB /* SpokenGuideCache.m */ = {isa = PBXFileReference; fileEncoding = 4; lastKnownFileType = sourcecode.c.objc; path = SpokenGuideCache.m; sourceTree = "<group>"; };
		C08B144C192A8D2C00E70FCF /* Rejecto.framework */ = {isa = PBXFileReference; lastKnownFileType = wrapper.framework; path = Rejecto.framework; sourceTree = "<group>"; };
		C08B144E192AC84300E70FCF /* dialogControllerDelegate.h */ = {isa = PBXFileReference; lastKnownFileType = sourcecode.c.h; path = dialogControllerDelegate.h; sourceTree = "<group>"; };
		C08B3110193E14E000CE49F9 /* EditGuideViewControllerTest.m */ = {isa = PBXFileReference; fileEncoding = 4; lastKnownFileType = sourcecode.c.objc; path = EditGuideViewControllerTest.m; sourceTree = "<group>"; };
		C0A4DD6E19D062F800BB8234 /* GameKit.framework */ = {isa = PBXFileReference; lastKnownFileType = wrapper.framework; name = GameKit.framework; path = System/Library/Frameworks/GameKit.framework; sourceTree = SDKROOT; };
		C0A4DD7019D0630100BB8234 /* StoreKit.framework */ = {isa = PBXFileReference; lastKnownFileType = wrapper.framework; name = StoreKit.framework; path = System/Library/Frameworks/StoreKit.framework; sourceTree = SDKROOT; };
		C0AA902419829DB5003B9B06 /* InitialViewController.h */ = {isa = PBXFileReference; fileEncoding = 4; lastKnownFileType = sourcecode.c.h; path = InitialViewController.h; sourceTree = "<group>"; };
		C0AA902519829DB5003B9B06 /* InitialViewController.m */ = {isa = PBXFileReference; fileEncoding = 4; lastKnownFileType = sourcecode.c.objc; path = InitialViewController.m; sourceTree = "<group>"; };
		C0B040B019BFCD23008F112F /* Spoken Guides.entitlements */ = {isa = PBXFileReference; lastKnownFileType = text.xml; path = "Spoken Guides.entitlements"; sourceTree = "<group>"; };
		C0B09A5E1A0D2ABE00A30038 /* InfoTableViewController.h */ = {isa = PBXFileReference; fileEncoding = 4; lastKnownFileType = sourcecode.c.h; path = InfoTableViewController.h; sourceTree = "<group>"; };
		C0B09A5F1A0D2ABE00A30038 /* InfoTableViewController.m */ = {isa = PBXFileReference; fileEncoding = 4; lastKnownFileType = sourcecode.c.objc; path = InfoTableViewController.m; sourceTree = "<group>"; };
		C0B5318B19DE08B300E201D0 /* AllGuidesViewController.h */ = {isa = PBXFileReference; fileEncoding = 4; lastKnownFileType = sourcecode.c.h; path = AllGuidesViewController.h; sourceTree = "<group>"; };
		C0BC367419F16E6A00F25FD8 /* BNRDynamicTypeManagedButton.h */ = {isa = PBXFileReference; fileEncoding = 4; lastKnownFileType = sourcecode.c.h; path = BNRDynamicTypeManagedButton.h; sourceTree = "<group>"; };
		C0BC367519F16E6A00F25FD8 /* BNRDynamicTypeManagedButton.m */ = {isa = PBXFileReference; fileEncoding = 4; lastKnownFileType = sourcecode.c.objc; path = BNRDynamicTypeManagedButton.m; sourceTree = "<group>"; };
		C0BC367619F16E6A00F25FD8 /* BNRDynamicTypeManagedLabel.h */ = {isa = PBXFileReference; fileEncoding = 4; lastKnownFileType = sourcecode.c.h; path = BNRDynamicTypeManagedLabel.h; sourceTree = "<group>"; };
		C0BC367719F16E6A00F25FD8 /* BNRDynamicTypeManagedLabel.m */ = {isa = PBXFileReference; fileEncoding = 4; lastKnownFileType = sourcecode.c.objc; path = BNRDynamicTypeManagedLabel.m; sourceTree = "<group>"; };
		C0BC367819F16E6A00F25FD8 /* BNRDynamicTypeManagedTextField.h */ = {isa = PBXFileReference; fileEncoding = 4; lastKnownFileType = sourcecode.c.h; path = BNRDynamicTypeManagedTextField.h; sourceTree = "<group>"; };
		C0BC367919F16E6A00F25FD8 /* BNRDynamicTypeManagedTextField.m */ = {isa = PBXFileReference; fileEncoding = 4; lastKnownFileType = sourcecode.c.objc; path = BNRDynamicTypeManagedTextField.m; sourceTree = "<group>"; };
		C0BC367A19F16E6A00F25FD8 /* BNRDynamicTypeManagedTextView.h */ = {isa = PBXFileReference; fileEncoding = 4; lastKnownFileType = sourcecode.c.h; path = BNRDynamicTypeManagedTextView.h; sourceTree = "<group>"; };
		C0BC367B19F16E6A00F25FD8 /* BNRDynamicTypeManagedTextView.m */ = {isa = PBXFileReference; fileEncoding = 4; lastKnownFileType = sourcecode.c.objc; path = BNRDynamicTypeManagedTextView.m; sourceTree = "<group>"; };
		C0BC367D19F16E6A00F25FD8 /* BNRDynamicTypeManager.h */ = {isa = PBXFileReference; fileEncoding = 4; lastKnownFileType = sourcecode.c.h; path = BNRDynamicTypeManager.h; sourceTree = "<group>"; };
		C0BC367E19F16E6A00F25FD8 /* BNRDynamicTypeManager.m */ = {isa = PBXFileReference; fileEncoding = 4; lastKnownFileType = sourcecode.c.objc; path = BNRDynamicTypeManager.m; sourceTree = "<group>"; };
		C0BE2F44197AA8E100241D23 /* ReadMe.md */ = {isa = PBXFileReference; fileEncoding = 4; lastKnownFileType = text; path = ReadMe.md; sourceTree = "<group>"; };
		C0BE98AF1913D0B300C2990E /* ArrayDataSourceTest.m */ = {isa = PBXFileReference; fileEncoding = 4; lastKnownFileType = sourcecode.c.objc; path = ArrayDataSourceTest.m; sourceTree = "<group>"; };
		C0BE98C81913E87F00C2990E /* libOCMock.a */ = {isa = PBXFileReference; lastKnownFileType = archive.ar; path = libOCMock.a; sourceTree = "<group>"; };
		C0BE98CC1913E8E200C2990E /* NSNotificationCenter+OCMAdditions.h */ = {isa = PBXFileReference; fileEncoding = 4; lastKnownFileType = sourcecode.c.h; path = "NSNotificationCenter+OCMAdditions.h"; sourceTree = "<group>"; };
		C0BE98CD1913E8E200C2990E /* OCMArg.h */ = {isa = PBXFileReference; fileEncoding = 4; lastKnownFileType = sourcecode.c.h; path = OCMArg.h; sourceTree = "<group>"; };
		C0BE98CE1913E8E200C2990E /* OCMConstraint.h */ = {isa = PBXFileReference; fileEncoding = 4; lastKnownFileType = sourcecode.c.h; path = OCMConstraint.h; sourceTree = "<group>"; };
		C0BE98CF1913E8E200C2990E /* OCMock.h */ = {isa = PBXFileReference; fileEncoding = 4; lastKnownFileType = sourcecode.c.h; path = OCMock.h; sourceTree = "<group>"; };
		C0BE98D01913E8E200C2990E /* OCMockObject.h */ = {isa = PBXFileReference; fileEncoding = 4; lastKnownFileType = sourcecode.c.h; path = OCMockObject.h; sourceTree = "<group>"; };
		C0BE98D11913E8E200C2990E /* OCMockRecorder.h */ = {isa = PBXFileReference; fileEncoding = 4; lastKnownFileType = sourcecode.c.h; path = OCMockRecorder.h; sourceTree = "<group>"; };
		C0CD61CC1989AAAC004C430F /* GuideUserSignUpViewController.h */ = {isa = PBXFileReference; fileEncoding = 4; lastKnownFileType = sourcecode.c.h; path = GuideUserSignUpViewController.h; sourceTree = "<group>"; };
		C0CD61CD1989AAAC004C430F /* GuideUserSignUpViewController.m */ = {isa = PBXFileReference; fileEncoding = 4; lastKnownFileType = sourcecode.c.objc; path = GuideUserSignUpViewController.m; sourceTree = "<group>"; };
		C0D863A319783E7100CC68EF /* DataEntryViewController.h */ = {isa = PBXFileReference; fileEncoding = 4; lastKnownFileType = sourcecode.c.h; path = DataEntryViewController.h; sourceTree = "<group>"; };
		C0D863A419783E7100CC68EF /* DataEntryViewController.m */ = {isa = PBXFileReference; fileEncoding = 4; lastKnownFileType = sourcecode.c.objc; path = DataEntryViewController.m; sourceTree = "<group>"; };
		C0D863AC1978AFC800CC68EF /* emptySegue.h */ = {isa = PBXFileReference; fileEncoding = 4; lastKnownFileType = sourcecode.c.h; path = emptySegue.h; sourceTree = "<group>"; };
		C0D863AD1978AFC800CC68EF /* emptySegue.m */ = {isa = PBXFileReference; fileEncoding = 4; lastKnownFileType = sourcecode.c.objc; path = emptySegue.m; sourceTree = "<group>"; };
		C0DA1F171989A2CB00484255 /* MyAccountViewController.h */ = {isa = PBXFileReference; fileEncoding = 4; lastKnownFileType = sourcecode.c.h; path = MyAccountViewController.h; sourceTree = "<group>"; };
		C0DA1F181989A2CB00484255 /* MyAccountViewController.m */ = {isa = PBXFileReference; fileEncoding = 4; lastKnownFileType = sourcecode.c.objc; path = MyAccountViewController.m; sourceTree = "<group>"; };
		C0DCB16E1905D9F400E29DBB /* Spoken Guides.app */ = {isa = PBXFileReference; explicitFileType = wrapper.application; includeInIndex = 0; path = "Spoken Guides.app"; sourceTree = BUILT_PRODUCTS_DIR; };
		C0DCB1711905D9F400E29DBB /* Foundation.framework */ = {isa = PBXFileReference; lastKnownFileType = wrapper.framework; name = Foundation.framework; path = System/Library/Frameworks/Foundation.framework; sourceTree = SDKROOT; };
		C0DCB1731905D9F400E29DBB /* CoreGraphics.framework */ = {isa = PBXFileReference; lastKnownFileType = wrapper.framework; name = CoreGraphics.framework; path = System/Library/Frameworks/CoreGraphics.framework; sourceTree = SDKROOT; };
		C0DCB1751905D9F400E29DBB /* UIKit.framework */ = {isa = PBXFileReference; lastKnownFileType = wrapper.framework; name = UIKit.framework; path = System/Library/Frameworks/UIKit.framework; sourceTree = SDKROOT; };
		C0DCB1791905D9F400E29DBB /* Talk Lists-Info.plist */ = {isa = PBXFileReference; lastKnownFileType = text.plist.xml; path = "Talk Lists-Info.plist"; sourceTree = "<group>"; };
		C0DCB17B1905D9F400E29DBB /* en */ = {isa = PBXFileReference; lastKnownFileType = text.plist.strings; name = en; path = en.lproj/InfoPlist.strings; sourceTree = "<group>"; };
		C0DCB17D1905D9F400E29DBB /* main.m */ = {isa = PBXFileReference; lastKnownFileType = sourcecode.c.objc; path = main.m; sourceTree = "<group>"; };
		C0DCB17F1905D9F400E29DBB /* Talk Lists-Prefix.pch */ = {isa = PBXFileReference; lastKnownFileType = sourcecode.c.h; path = "Talk Lists-Prefix.pch"; sourceTree = "<group>"; };
		C0DCB1801905D9F400E29DBB /* TalkListAppDelegate.h */ = {isa = PBXFileReference; lastKnownFileType = sourcecode.c.h; path = TalkListAppDelegate.h; sourceTree = "<group>"; };
		C0DCB1811905D9F400E29DBB /* TalkListAppDelegate.m */ = {isa = PBXFileReference; lastKnownFileType = sourcecode.c.objc; path = TalkListAppDelegate.m; sourceTree = "<group>"; };
		C0DCB1841905D9F400E29DBB /* Base */ = {isa = PBXFileReference; lastKnownFileType = file.storyboard; name = Base; path = Base.lproj/Main_iPhone.storyboard; sourceTree = "<group>"; };
		C0DCB1871905D9F400E29DBB /* Base */ = {isa = PBXFileReference; lastKnownFileType = file.storyboard; name = Base; path = Base.lproj/Main_iPad.storyboard; sourceTree = "<group>"; };
		C0DCB18C1905D9F400E29DBB /* Images.xcassets */ = {isa = PBXFileReference; lastKnownFileType = folder.assetcatalog; path = Images.xcassets; sourceTree = "<group>"; };
		C0DCB1921905D9F400E29DBB /* Talk ListsTests.xctest */ = {isa = PBXFileReference; explicitFileType = wrapper.cfbundle; includeInIndex = 0; path = "Talk ListsTests.xctest"; sourceTree = BUILT_PRODUCTS_DIR; };
		C0DCB1931905D9F400E29DBB /* XCTest.framework */ = {isa = PBXFileReference; lastKnownFileType = wrapper.framework; name = XCTest.framework; path = Library/Frameworks/XCTest.framework; sourceTree = DEVELOPER_DIR; };
		C0DCB19B1905D9F400E29DBB /* Talk ListsTests-Info.plist */ = {isa = PBXFileReference; lastKnownFileType = text.plist.xml; path = "Talk ListsTests-Info.plist"; sourceTree = "<group>"; };
		C0DCB19D1905D9F400E29DBB /* en */ = {isa = PBXFileReference; lastKnownFileType = text.plist.strings; name = en; path = en.lproj/InfoPlist.strings; sourceTree = "<group>"; };
		C0E24E6E192A5A4B00C4F35A /* OpenEars.framework */ = {isa = PBXFileReference; lastKnownFileType = wrapper.framework; path = OpenEars.framework; sourceTree = "<group>"; };
		C0E24E70192A5A5900C4F35A /* Slt.framework */ = {isa = PBXFileReference; lastKnownFileType = wrapper.framework; path = Slt.framework; sourceTree = "<group>"; };
		C0EBBF3919479518001F79D0 /* Talk Lists.entitlements */ = {isa = PBXFileReference; lastKnownFileType = text.xml; path = "Talk Lists.entitlements"; sourceTree = "<group>"; };
		C0ECA730195507D000EF98AA /* PFStep.h */ = {isa = PBXFileReference; fileEncoding = 4; lastKnownFileType = sourcecode.c.h; path = PFStep.h; sourceTree = "<group>"; };
		C0ECA731195507D000EF98AA /* PFStep.m */ = {isa = PBXFileReference; fileEncoding = 4; lastKnownFileType = sourcecode.c.objc; path = PFStep.m; sourceTree = "<group>"; };
		C0EF20FE190B1BA5000E95B9 /* addPhotoViewController.h */ = {isa = PBXFileReference; fileEncoding = 4; lastKnownFileType = sourcecode.c.h; name = addPhotoViewController.h; path = ../addPhotoViewController.h; sourceTree = "<group>"; };
		C0EF20FF190B1BA5000E95B9 /* addPhotoViewController.m */ = {isa = PBXFileReference; fileEncoding = 4; lastKnownFileType = sourcecode.c.objc; name = addPhotoViewController.m; path = ../addPhotoViewController.m; sourceTree = "<group>"; };
		C0EFE28719771E4900553820 /* guideCell.h */ = {isa = PBXFileReference; fileEncoding = 4; lastKnownFileType = sourcecode.c.h; path = guideCell.h; sourceTree = "<group>"; };
		C0EFE28819771E4900553820 /* guideCell.m */ = {isa = PBXFileReference; fileEncoding = 4; lastKnownFileType = sourcecode.c.objc; path = guideCell.m; sourceTree = "<group>"; };
		C0F290D519D307670045FFC5 /* Podfile.lock */ = {isa = PBXFileReference; fileEncoding = 4; lastKnownFileType = text; path = Podfile.lock; sourceTree = "<group>"; };
		C0F532DD191178A20023CEF0 /* GuideCategories.h */ = {isa = PBXFileReference; fileEncoding = 4; lastKnownFileType = sourcecode.c.h; path = GuideCategories.h; sourceTree = "<group>"; };
		C0F532DE191178A20023CEF0 /* GuideCategories.m */ = {isa = PBXFileReference; fileEncoding = 4; lastKnownFileType = sourcecode.c.objc; path = GuideCategories.m; sourceTree = "<group>"; };
/* End PBXFileReference section */

/* Begin PBXFrameworksBuildPhase section */
		C0DCB16B1905D9F400E29DBB /* Frameworks */ = {
			isa = PBXFrameworksBuildPhase;
			buildActionMask = 2147483647;
			files = (
				C04DE15119D5BBCE0019AE22 /* Accounts.framework in Frameworks */,
				C0270122192A3B4300F954EA /* AudioToolbox.framework in Frameworks */,
				C0270120192A3B3000F954EA /* AVFoundation.framework in Frameworks */,
				C0072C6E191BC474000254A8 /* AssetsLibrary.framework in Frameworks */,
				C054457819A7D5F2002083AA /* CFNetwork.framework in Frameworks */,
				C02D55331917F95F006955E7 /* CoreData.framework in Frameworks */,
				C0DCB1741905D9F400E29DBB /* CoreGraphics.framework in Frameworks */,
				C054457A19A7D60A002083AA /* CoreLocation.framework in Frameworks */,
				C054457E19A7D63A002083AA /* MobileCoreServices.framework in Frameworks */,
				C054458019A7D659002083AA /* QuartzCore.framework in Frameworks */,
				C054458219A7D66D002083AA /* Security.framework in Frameworks */,
				C0A4DD6F19D062F800BB8234 /* GameKit.framework in Frameworks */,
				C0A4DD7119D0630100BB8234 /* StoreKit.framework in Frameworks */,
				C0E24E71192A5A5900C4F35A /* Slt.framework in Frameworks */,
				C054458819A7D726002083AA /* Social.framework in Frameworks */,
				C054458619A7D691002083AA /* SystemConfiguration.framework in Frameworks */,
				C04DE14F19D5BA370019AE22 /* Bolts.framework in Frameworks */,
				C0DCB1761905D9F400E29DBB /* UIKit.framework in Frameworks */,
				C0DCB1721905D9F400E29DBB /* Foundation.framework in Frameworks */,
				C0E24E6F192A5A4B00C4F35A /* OpenEars.framework in Frameworks */,
				C08B144D192A8D2C00E70FCF /* Rejecto.framework in Frameworks */,
				C054457C19A7D61F002083AA /* libz.dylib in Frameworks */,
				F05384D1F80548A7BDC6C99F /* libPods.a in Frameworks */,
				C0793BBA19D5B85B00369E3A /* Parse.framework in Frameworks */,
				C0BE98C91913E87F00C2990E /* libOCMock.a in Frameworks */,
			);
			runOnlyForDeploymentPostprocessing = 0;
		};
		C0DCB18F1905D9F400E29DBB /* Frameworks */ = {
			isa = PBXFrameworksBuildPhase;
			buildActionMask = 2147483647;
			files = (
				C02BFBA01918192700F6A035 /* CoreData.framework in Frameworks */,
				C0DCB1941905D9F400E29DBB /* XCTest.framework in Frameworks */,
				C0DCB1961905D9F400E29DBB /* UIKit.framework in Frameworks */,
				C0DCB1951905D9F400E29DBB /* Foundation.framework in Frameworks */,
			);
			runOnlyForDeploymentPostprocessing = 0;
		};
/* End PBXFrameworksBuildPhase section */

/* Begin PBXGroup section */
		C0230218192A5870006DEF7A /* Framework */ = {
			isa = PBXGroup;
			children = (
				C08B144C192A8D2C00E70FCF /* Rejecto.framework */,
				C0E24E70192A5A5900C4F35A /* Slt.framework */,
				C0E24E6E192A5A4B00C4F35A /* OpenEars.framework */,
				C0230219192A5870006DEF7A /* AcousticModelEnglish.bundle */,
				C023021A192A5870006DEF7A /* AcousticModelSpanish.bundle */,
			);
			name = Framework;
			path = ../Framework;
			sourceTree = "<group>";
		};
		C0270130192A3E0C00F954EA /* Listening */ = {
			isa = PBXGroup;
			children = (
				C0270134192A3E3900F954EA /* Model */,
				C0270131192A3E2700F954EA /* ListeningController.h */,
				C0270132192A3E2700F954EA /* ListeningController.m */,
			);
			name = Listening;
			sourceTree = "<group>";
		};
		C0270134192A3E3900F954EA /* Model */ = {
			isa = PBXGroup;
			children = (
				C0270135192A3E5000F954EA /* languageOpenEars.h */,
				C0270136192A3E5000F954EA /* languageOpenEars.m */,
			);
			name = Model;
			sourceTree = "<group>";
		};
		C02BEAA3190E9F2E0092426E /* Dialog */ = {
			isa = PBXGroup;
			children = (
				C0270130192A3E0C00F954EA /* Listening */,
				C02BEAA7190EA0D20092426E /* Speaking */,
				C02BEAA4190E9F810092426E /* voiceSettingsViewController.h */,
				C02BEAA5190E9F810092426E /* voiceSettingsViewController.m */,
			);
			name = Dialog;
			sourceTree = "<group>";
		};
		C02BEAA7190EA0D20092426E /* Speaking */ = {
			isa = PBXGroup;
			children = (
				C02BEAAB190EA0FD0092426E /* Model */,
				C02BEAA8190EA0EC0092426E /* SpeakingController.h */,
				C02BEAA9190EA0EC0092426E /* SpeakingController.m */,
			);
			name = Speaking;
			sourceTree = "<group>";
		};
		C02BEAAB190EA0FD0092426E /* Model */ = {
			isa = PBXGroup;
			children = (
				C02BEAAC190EA10E0092426E /* voice.h */,
				C02BEAAD190EA10E0092426E /* voice.m */,
			);
			name = Model;
			sourceTree = "<group>";
		};
		C036A978190C283100D1F251 /* New Guide */ = {
			isa = PBXGroup;
			children = (
				C0195A5F1979484800EB01B7 /* DataEntryContainerViewController.h */,
				C0195A62197952AD00EB01B7 /* DataEntryDelegate.h */,
				C0195A601979484800EB01B7 /* DataEntryContainerViewController.m */,
				C0D863A319783E7100CC68EF /* DataEntryViewController.h */,
				C0D863A419783E7100CC68EF /* DataEntryViewController.m */,
				C067BEB7192FCA0E00996DF8 /* EditGuideViewController.h */,
				C067BEB8192FCA0E00996DF8 /* EditGuideViewController.m */,
				C051A7EC1975BC5C00E5424C /* EditGuideViewControllerDelegate.h */,
				C0EF20FE190B1BA5000E95B9 /* addPhotoViewController.h */,
				C0EF20FF190B1BA5000E95B9 /* addPhotoViewController.m */,
			);
			name = "New Guide";
			sourceTree = "<group>";
		};
		C036A979190C28CA00D1F251 /* Guide Detail */ = {
			isa = PBXGroup;
			children = (
				C045B72C194F7B1E00DE2B08 /* Model - PFObjects */,
				C0B0F2A21916AE0C00CD8114 /* View */,
				C0F532D9191168830023CEF0 /* Controllers */,
				C02BEAA3190E9F2E0092426E /* Dialog */,
			);
			name = "Guide Detail";
			sourceTree = "<group>";
		};
		C036A97A190C28F000D1F251 /* View */ = {
			isa = PBXGroup;
			children = (
				C0DCB1861905D9F400E29DBB /* Main_iPad.storyboard */,
				C0DCB1831905D9F400E29DBB /* Main_iPhone.storyboard */,
				C08265D519928C620025403F /* ILTranslucentView.h */,
				C08265D619928C620025403F /* ILTranslucentView.m */,
				C0D863AC1978AFC800CC68EF /* emptySegue.h */,
				C0D863AD1978AFC800CC68EF /* emptySegue.m */,
			);
			name = View;
			sourceTree = "<group>";
		};
		C045B72C194F7B1E00DE2B08 /* Model - PFObjects */ = {
			isa = PBXGroup;
			children = (
				C0ECA730195507D000EF98AA /* PFStep.h */,
				C0ECA731195507D000EF98AA /* PFStep.m */,
				C045B72D194F7B5300DE2B08 /* PFGuide.h */,
				C045B72E194F7B5300DE2B08 /* PFGuide.m */,
			);
			name = "Model - PFObjects";
			sourceTree = "<group>";
		};
		C0B0F2A21916AE0C00CD8114 /* View */ = {
			isa = PBXGroup;
			children = (
				C04A817319A7AE5300791AA3 /* stepCell.h */,
				C04A817419A7AE5300791AA3 /* stepCell.m */,
				C0EFE28719771E4900553820 /* guideCell.h */,
				C0EFE28819771E4900553820 /* guideCell.m */,
				C0072C6F191BCE62000254A8 /* UIImage+Resize.h */,
				C0072C70191BCE62000254A8 /* UIImage+Resize.m */,
			);
			name = View;
			sourceTree = "<group>";
		};
		C0BC362D19F16D1A00F25FD8 /* SZTextView */ = {
			isa = PBXGroup;
			children = (
				C01035631A0925A90011E1AD /* SZTextView.h */,
				C01035641A0925A90011E1AD /* SZTextView.m */,
			);
			name = SZTextView;
			path = SZTextView2;
			sourceTree = "<group>";
		};
		C0BC366E19F16E6A00F25FD8 /* BNRDynamicTypeManager */ = {
			isa = PBXGroup;
			children = (
				C0BC367C19F16E6A00F25FD8 /* Core */,
				C0BC367319F16E6A00F25FD8 /* Controls */,
			);
			name = BNRDynamicTypeManager;
			path = ../BNRDynamicTypeManager;
			sourceTree = "<group>";
		};
		C0BC367319F16E6A00F25FD8 /* Controls */ = {
			isa = PBXGroup;
			children = (
				C0BC367419F16E6A00F25FD8 /* BNRDynamicTypeManagedButton.h */,
				C0BC367519F16E6A00F25FD8 /* BNRDynamicTypeManagedButton.m */,
				C0BC367619F16E6A00F25FD8 /* BNRDynamicTypeManagedLabel.h */,
				C0BC367719F16E6A00F25FD8 /* BNRDynamicTypeManagedLabel.m */,
				C0BC367819F16E6A00F25FD8 /* BNRDynamicTypeManagedTextField.h */,
				C0BC367919F16E6A00F25FD8 /* BNRDynamicTypeManagedTextField.m */,
				C0BC367A19F16E6A00F25FD8 /* BNRDynamicTypeManagedTextView.h */,
				C0BC367B19F16E6A00F25FD8 /* BNRDynamicTypeManagedTextView.m */,
			);
			name = Controls;
			path = BNRDynamicTypeManager/BNRDynamicTypeManager/Controls;
			sourceTree = "<group>";
		};
		C0BC367C19F16E6A00F25FD8 /* Core */ = {
			isa = PBXGroup;
			children = (
				C0BC367D19F16E6A00F25FD8 /* BNRDynamicTypeManager.h */,
				C0BC367E19F16E6A00F25FD8 /* BNRDynamicTypeManager.m */,
			);
			name = Core;
			path = BNRDynamicTypeManager/BNRDynamicTypeManager/Core;
			sourceTree = "<group>";
		};
		C0BE98C51913E87F00C2990E /* usr */ = {
			isa = PBXGroup;
			children = (
				C0BE98CA1913E8E200C2990E /* include */,
				C0BE98C71913E87F00C2990E /* lib */,
			);
			path = usr;
			sourceTree = "<group>";
		};
		C0BE98C71913E87F00C2990E /* lib */ = {
			isa = PBXGroup;
			children = (
				C0BE98C81913E87F00C2990E /* libOCMock.a */,
			);
			path = lib;
			sourceTree = "<group>";
		};
		C0BE98CA1913E8E200C2990E /* include */ = {
			isa = PBXGroup;
			children = (
				C0BE98CB1913E8E200C2990E /* OCMock */,
			);
			path = include;
			sourceTree = "<group>";
		};
		C0BE98CB1913E8E200C2990E /* OCMock */ = {
			isa = PBXGroup;
			children = (
				C0BE98CC1913E8E200C2990E /* NSNotificationCenter+OCMAdditions.h */,
				C0BE98CD1913E8E200C2990E /* OCMArg.h */,
				C0BE98CE1913E8E200C2990E /* OCMConstraint.h */,
				C0BE98CF1913E8E200C2990E /* OCMock.h */,
				C0BE98D01913E8E200C2990E /* OCMockObject.h */,
				C0BE98D11913E8E200C2990E /* OCMockRecorder.h */,
			);
			path = OCMock;
			sourceTree = "<group>";
		};
		C0DA1F161989A2A500484255 /* UserAccount */ = {
			isa = PBXGroup;
			children = (
				C0DA1F171989A2CB00484255 /* MyAccountViewController.h */,
				C0DA1F181989A2CB00484255 /* MyAccountViewController.m */,
				C0CD61CC1989AAAC004C430F /* GuideUserSignUpViewController.h */,
				C0CD61CD1989AAAC004C430F /* GuideUserSignUpViewController.m */,
				C0B09A5E1A0D2ABE00A30038 /* InfoTableViewController.h */,
				C0B09A5F1A0D2ABE00A30038 /* InfoTableViewController.m */,
			);
			name = UserAccount;
			sourceTree = "<group>";
		};
		C0DCB1651905D9F400E29DBB = {
			isa = PBXGroup;
			children = (
				C0F290D519D307670045FFC5 /* Podfile.lock */,
				C0DCB1771905D9F400E29DBB /* Talk Lists */,
				C0DCB1991905D9F400E29DBB /* Talk ListsTests */,
				C0BE98C51913E87F00C2990E /* usr */,
				C0DCB1701905D9F400E29DBB /* Frameworks */,
				C0DCB16F1905D9F400E29DBB /* Products */,
				5FA84C67E56C4BDCBB730AEF /* Pods.xcconfig */,
			);
			sourceTree = "<group>";
		};
		C0DCB16F1905D9F400E29DBB /* Products */ = {
			isa = PBXGroup;
			children = (
				C0DCB16E1905D9F400E29DBB /* Spoken Guides.app */,
				C0DCB1921905D9F400E29DBB /* Talk ListsTests.xctest */,
			);
			name = Products;
			sourceTree = "<group>";
		};
		C0DCB1701905D9F400E29DBB /* Frameworks */ = {
			isa = PBXGroup;
			children = (
				C04DE15019D5BBCE0019AE22 /* Accounts.framework */,
				C04DE14E19D5BA370019AE22 /* Bolts.framework */,
				C0793BB919D5B85B00369E3A /* Parse.framework */,
				C0A4DD7019D0630100BB8234 /* StoreKit.framework */,
				C0A4DD6E19D062F800BB8234 /* GameKit.framework */,
				C054458719A7D726002083AA /* Social.framework */,
				C054458519A7D691002083AA /* SystemConfiguration.framework */,
				C054458119A7D66D002083AA /* Security.framework */,
				C054457F19A7D659002083AA /* QuartzCore.framework */,
				C054457D19A7D63A002083AA /* MobileCoreServices.framework */,
				C054457B19A7D61F002083AA /* libz.dylib */,
				C054457919A7D60A002083AA /* CoreLocation.framework */,
				C054457719A7D5F2002083AA /* CFNetwork.framework */,
				C027013B192A47A600F954EA /* Rejecto.framework */,
				C0270121192A3B4300F954EA /* AudioToolbox.framework */,
				C027011F192A3B3000F954EA /* AVFoundation.framework */,
				C0072C6D191BC474000254A8 /* AssetsLibrary.framework */,
				C02D55321917F95F006955E7 /* CoreData.framework */,
				C0DCB1711905D9F400E29DBB /* Foundation.framework */,
				C0DCB1731905D9F400E29DBB /* CoreGraphics.framework */,
				C0DCB1751905D9F400E29DBB /* UIKit.framework */,
				C0DCB1931905D9F400E29DBB /* XCTest.framework */,
				A39B4F7EF9E14A239DC702B6 /* libPods.a */,
			);
			name = Frameworks;
			sourceTree = "<group>";
		};
		C0DCB1771905D9F400E29DBB /* Talk Lists */ = {
			isa = PBXGroup;
			children = (
				C0BC366E19F16E6A00F25FD8 /* BNRDynamicTypeManager */,
				C0BC362D19F16D1A00F25FD8 /* SZTextView */,
				C0B040B019BFCD23008F112F /* Spoken Guides.entitlements */,
				C0DA1F161989A2A500484255 /* UserAccount */,
				C086DCE8197EF02A00E41EEB /* SpokenGuideCache.h */,
				C086DCE9197EF02A00E41EEB /* SpokenGuideCache.m */,
				C0BE2F44197AA8E100241D23 /* ReadMe.md */,
				C0EBBF3919479518001F79D0 /* Talk Lists.entitlements */,
				C0230218192A5870006DEF7A /* Framework */,
				C0F532D6191167E40023CEF0 /* Browse */,
				C036A97A190C28F000D1F251 /* View */,
				C036A978190C283100D1F251 /* New Guide */,
				C0DCB1801905D9F400E29DBB /* TalkListAppDelegate.h */,
				C0DCB1811905D9F400E29DBB /* TalkListAppDelegate.m */,
				C04A833C19A7D35900791AA3 /* FBMissingSymbols.m */,
				C0DCB18C1905D9F400E29DBB /* Images.xcassets */,
				C0DCB1781905D9F400E29DBB /* Supporting Files */,
			);
			path = "Talk Lists";
			sourceTree = "<group>";
		};
		C0DCB1781905D9F400E29DBB /* Supporting Files */ = {
			isa = PBXGroup;
			children = (
				C0DCB1791905D9F400E29DBB /* Talk Lists-Info.plist */,
				C0DCB17A1905D9F400E29DBB /* InfoPlist.strings */,
				C0DCB17D1905D9F400E29DBB /* main.m */,
				C0DCB17F1905D9F400E29DBB /* Talk Lists-Prefix.pch */,
			);
			name = "Supporting Files";
			sourceTree = "<group>";
		};
		C0DCB1991905D9F400E29DBB /* Talk ListsTests */ = {
			isa = PBXGroup;
			children = (
				C0BE98AF1913D0B300C2990E /* ArrayDataSourceTest.m */,
				C02BFBA119190D7500F6A035 /* Guide+Addendums.m */,
				C0443FAC1955D229006ADA60 /* PFGuideTest.m */,
				C08B3110193E14E000CE49F9 /* EditGuideViewControllerTest.m */,
				C0DCB19A1905D9F400E29DBB /* Supporting Files */,
				C045B733194FF0F800DE2B08 /* ShareControllerTest.m */,
			);
			path = "Talk ListsTests";
			sourceTree = "<group>";
		};
		C0DCB19A1905D9F400E29DBB /* Supporting Files */ = {
			isa = PBXGroup;
			children = (
				C0DCB19B1905D9F400E29DBB /* Talk ListsTests-Info.plist */,
				C0DCB19C1905D9F400E29DBB /* InfoPlist.strings */,
			);
			name = "Supporting Files";
			sourceTree = "<group>";
		};
		C0F532D6191167E40023CEF0 /* Browse */ = {
			isa = PBXGroup;
			children = (
				C0AA902419829DB5003B9B06 /* InitialViewController.h */,
				C0AA902519829DB5003B9B06 /* InitialViewController.m */,
				C080B3C119E06D5200575753 /* AllGuidesViewController.m */,
				C0B5318B19DE08B300E201D0 /* AllGuidesViewController.h */,
				C0F532D71911681A0023CEF0 /* Categories */,
				C036A979190C28CA00D1F251 /* Guide Detail */,
			);
			name = Browse;
			sourceTree = "<group>";
		};
		C0F532D71911681A0023CEF0 /* Categories */ = {
			isa = PBXGroup;
			children = (
				C0F532DA19116A390023CEF0 /* Model */,
			);
			name = Categories;
			sourceTree = "<group>";
		};
		C0F532D9191168830023CEF0 /* Controllers */ = {
			isa = PBXGroup;
			children = (
				C01035691A09283E0011E1AD /* GuideDetailViewController.h */,
				C010356A1A09283E0011E1AD /* GuideDetailViewController.m */,
				C001E3E719733D5800E9AF23 /* GuideQueryTableViewController.h */,
				C06BB676197437E000944D49 /* GuideQueryTableViewControllerDelegate.h */,
				C001E3E819733D5800E9AF23 /* GuideQueryTableViewController.m */,
				C0270138192A3E7F00F954EA /* dialogController.h */,
				C08B144E192AC84300E70FCF /* dialogControllerDelegate.h */,
				C0270139192A3E7F00F954EA /* dialogController.m */,
			);
			name = Controllers;
			sourceTree = "<group>";
		};
		C0F532DA19116A390023CEF0 /* Model */ = {
			isa = PBXGroup;
			children = (
				C0F532DD191178A20023CEF0 /* GuideCategories.h */,
				C0F532DE191178A20023CEF0 /* GuideCategories.m */,
			);
			name = Model;
			sourceTree = "<group>";
		};
/* End PBXGroup section */

/* Begin PBXNativeTarget section */
		C0DCB16D1905D9F400E29DBB /* Talk Lists */ = {
			isa = PBXNativeTarget;
			buildConfigurationList = C0DCB1A31905D9F400E29DBB /* Build configuration list for PBXNativeTarget "Talk Lists" */;
			buildPhases = (
				E025F90BF89B4D14B97F158B /* Check Pods Manifest.lock */,
				C0DCB16A1905D9F400E29DBB /* Sources */,
				C0DCB16B1905D9F400E29DBB /* Frameworks */,
				C0DCB16C1905D9F400E29DBB /* Resources */,
				BA5236DAD0D840C8A5E46259 /* Copy Pods Resources */,
			);
			buildRules = (
			);
			dependencies = (
			);
			name = "Talk Lists";
			productName = "Talk Lists";
			productReference = C0DCB16E1905D9F400E29DBB /* Spoken Guides.app */;
			productType = "com.apple.product-type.application";
		};
		C0DCB1911905D9F400E29DBB /* Talk ListsTests */ = {
			isa = PBXNativeTarget;
			buildConfigurationList = C0DCB1A61905D9F400E29DBB /* Build configuration list for PBXNativeTarget "Talk ListsTests" */;
			buildPhases = (
				C0DCB18E1905D9F400E29DBB /* Sources */,
				C0DCB18F1905D9F400E29DBB /* Frameworks */,
				C0DCB1901905D9F400E29DBB /* Resources */,
			);
			buildRules = (
			);
			dependencies = (
				C0DCB1981905D9F400E29DBB /* PBXTargetDependency */,
			);
			name = "Talk ListsTests";
			productName = "Talk ListsTests";
			productReference = C0DCB1921905D9F400E29DBB /* Talk ListsTests.xctest */;
			productType = "com.apple.product-type.bundle.unit-test";
		};
/* End PBXNativeTarget section */

/* Begin PBXProject section */
		C0DCB1661905D9F400E29DBB /* Project object */ = {
			isa = PBXProject;
			attributes = {
				CLASSPREFIX = TalkList;
				LastUpgradeCheck = 0600;
				ORGANIZATIONNAME = GriffTech;
				TargetAttributes = {
					C0DCB16D1905D9F400E29DBB = {
						DevelopmentTeam = YUPQ2JVR7Q;
						SystemCapabilities = {
							com.apple.BackgroundModes = {
								enabled = 1;
							};
							com.apple.GameCenter = {
								enabled = 1;
							};
							com.apple.InAppPurchase = {
								enabled = 1;
							};
							com.apple.Keychain = {
								enabled = 0;
							};
							com.apple.iCloud = {
								enabled = 0;
							};
						};
					};
					C0DCB1911905D9F400E29DBB = {
						TestTargetID = C0DCB16D1905D9F400E29DBB;
					};
				};
			};
			buildConfigurationList = C0DCB1691905D9F400E29DBB /* Build configuration list for PBXProject "Spoken Guides" */;
			compatibilityVersion = "Xcode 3.2";
			developmentRegion = English;
			hasScannedForEncodings = 0;
			knownRegions = (
				en,
				Base,
				he,
			);
			mainGroup = C0DCB1651905D9F400E29DBB;
			productRefGroup = C0DCB16F1905D9F400E29DBB /* Products */;
			projectDirPath = "";
			projectRoot = "";
			targets = (
				C0DCB16D1905D9F400E29DBB /* Talk Lists */,
				C0DCB1911905D9F400E29DBB /* Talk ListsTests */,
			);
		};
/* End PBXProject section */

/* Begin PBXResourcesBuildPhase section */
		C0DCB16C1905D9F400E29DBB /* Resources */ = {
			isa = PBXResourcesBuildPhase;
			buildActionMask = 2147483647;
			files = (
				C0DCB1881905D9F400E29DBB /* Main_iPad.storyboard in Resources */,
				C0B5318C19DE08B300E201D0 /* AllGuidesViewController.h in Resources */,
				C0DCB18D1905D9F400E29DBB /* Images.xcassets in Resources */,
				C0DCB1851905D9F400E29DBB /* Main_iPhone.storyboard in Resources */,
				C023021C192A5870006DEF7A /* AcousticModelSpanish.bundle in Resources */,
				C023021B192A5870006DEF7A /* AcousticModelEnglish.bundle in Resources */,
				C0BE2F45197AA8E100241D23 /* ReadMe.md in Resources */,
				C0F290D619D307670045FFC5 /* Podfile.lock in Resources */,
				C0DCB17C1905D9F400E29DBB /* InfoPlist.strings in Resources */,
			);
			runOnlyForDeploymentPostprocessing = 0;
		};
		C0DCB1901905D9F400E29DBB /* Resources */ = {
			isa = PBXResourcesBuildPhase;
			buildActionMask = 2147483647;
			files = (
				C0DCB19E1905D9F400E29DBB /* InfoPlist.strings in Resources */,
			);
			runOnlyForDeploymentPostprocessing = 0;
		};
/* End PBXResourcesBuildPhase section */

/* Begin PBXShellScriptBuildPhase section */
		BA5236DAD0D840C8A5E46259 /* Copy Pods Resources */ = {
			isa = PBXShellScriptBuildPhase;
			buildActionMask = 2147483647;
			files = (
			);
			inputPaths = (
			);
			name = "Copy Pods Resources";
			outputPaths = (
			);
			runOnlyForDeploymentPostprocessing = 0;
			shellPath = /bin/sh;
			shellScript = "\"${SRCROOT}/Pods/Pods-resources.sh\"\n";
			showEnvVarsInLog = 0;
		};
		E025F90BF89B4D14B97F158B /* Check Pods Manifest.lock */ = {
			isa = PBXShellScriptBuildPhase;
			buildActionMask = 2147483647;
			files = (
			);
			inputPaths = (
			);
			name = "Check Pods Manifest.lock";
			outputPaths = (
			);
			runOnlyForDeploymentPostprocessing = 0;
			shellPath = /bin/sh;
			shellScript = "diff \"${PODS_ROOT}/../Podfile.lock\" \"${PODS_ROOT}/Manifest.lock\" > /dev/null\nif [[ $? != 0 ]] ; then\n    cat << EOM\nerror: The sandbox is not in sync with the Podfile.lock. Run 'pod install' or update your CocoaPods installation.\nEOM\n    exit 1\nfi\n";
			showEnvVarsInLog = 0;
		};
/* End PBXShellScriptBuildPhase section */

/* Begin PBXSourcesBuildPhase section */
		C0DCB16A1905D9F400E29DBB /* Sources */ = {
			isa = PBXSourcesBuildPhase;
			buildActionMask = 2147483647;
			files = (
				C0AA902619829DB5003B9B06 /* InitialViewController.m in Sources */,
				C0270137192A3E5000F954EA /* languageOpenEars.m in Sources */,
				C02BEAAE190EA10E0092426E /* voice.m in Sources */,
				C0BC36AC19F16E6A00F25FD8 /* BNRDynamicTypeManagedTextField.m in Sources */,
				C0DA1F191989A2CB00484255 /* MyAccountViewController.m in Sources */,
				C0D863AE1978AFC800CC68EF /* emptySegue.m in Sources */,
				C02BEAA6190E9F810092426E /* voiceSettingsViewController.m in Sources */,
				C027013A192A3E7F00F954EA /* dialogController.m in Sources */,
				C04A833D19A7D35900791AA3 /* FBMissingSymbols.m in Sources */,
				C001E3E919733D5800E9AF23 /* GuideQueryTableViewController.m in Sources */,
				C0F532DF191178A20023CEF0 /* GuideCategories.m in Sources */,
				C045B72F194F7B5300DE2B08 /* PFGuide.m in Sources */,
				C067BEB9192FCA0E00996DF8 /* EditGuideViewController.m in Sources */,
				C0D863A519783E7100CC68EF /* DataEntryViewController.m in Sources */,
				C0EFE28919771E4900553820 /* guideCell.m in Sources */,
				C0DCB1821905D9F400E29DBB /* TalkListAppDelegate.m in Sources */,
				C0ECA732195507D000EF98AA /* PFStep.m in Sources */,
				C0BC36AD19F16E6A00F25FD8 /* BNRDynamicTypeManagedTextView.m in Sources */,
				C0DCB17E1905D9F400E29DBB /* main.m in Sources */,
				C0EF2100190B1BA5000E95B9 /* addPhotoViewController.m in Sources */,
				C010356B1A09283E0011E1AD /* GuideDetailViewController.m in Sources */,
				C04A817519A7AE5300791AA3 /* stepCell.m in Sources */,
				C01035651A0925A90011E1AD /* SZTextView.m in Sources */,
				C0BC36AE19F16E6A00F25FD8 /* BNRDynamicTypeManager.m in Sources */,
				C02BEAAA190EA0EC0092426E /* SpeakingController.m in Sources */,
				C0BC36AA19F16E6A00F25FD8 /* BNRDynamicTypeManagedButton.m in Sources */,
				C0CD61CE1989AAAC004C430F /* GuideUserSignUpViewController.m in Sources */,
				C08265D719928C620025403F /* ILTranslucentView.m in Sources */,
				C080B3C219E06D5200575753 /* AllGuidesViewController.m in Sources */,
				C0270133192A3E2700F954EA /* ListeningController.m in Sources */,
				C0B09A601A0D2ABE00A30038 /* InfoTableViewController.m in Sources */,
				C0BC36AB19F16E6A00F25FD8 /* BNRDynamicTypeManagedLabel.m in Sources */,
				C0072C71191BCE62000254A8 /* UIImage+Resize.m in Sources */,
				C0195A611979484800EB01B7 /* DataEntryContainerViewController.m in Sources */,
				C086DCEA197EF02A00E41EEB /* SpokenGuideCache.m in Sources */,
			);
			runOnlyForDeploymentPostprocessing = 0;
		};
		C0DCB18E1905D9F400E29DBB /* Sources */ = {
			isa = PBXSourcesBuildPhase;
			buildActionMask = 2147483647;
			files = (
				C02BFBA219190D7500F6A035 /* Guide+Addendums.m in Sources */,
				C0443FAD1955D229006ADA60 /* PFGuideTest.m in Sources */,
				C0BE98B01913D0B300C2990E /* ArrayDataSourceTest.m in Sources */,
				C08B3111193E14E000CE49F9 /* EditGuideViewControllerTest.m in Sources */,
				C045B734194FF0F800DE2B08 /* ShareControllerTest.m in Sources */,
			);
			runOnlyForDeploymentPostprocessing = 0;
		};
/* End PBXSourcesBuildPhase section */

/* Begin PBXTargetDependency section */
		C0DCB1981905D9F400E29DBB /* PBXTargetDependency */ = {
			isa = PBXTargetDependency;
			target = C0DCB16D1905D9F400E29DBB /* Talk Lists */;
			targetProxy = C0DCB1971905D9F400E29DBB /* PBXContainerItemProxy */;
		};
/* End PBXTargetDependency section */

/* Begin PBXVariantGroup section */
		C0DCB17A1905D9F400E29DBB /* InfoPlist.strings */ = {
			isa = PBXVariantGroup;
			children = (
				C0DCB17B1905D9F400E29DBB /* en */,
			);
			name = InfoPlist.strings;
			sourceTree = "<group>";
		};
		C0DCB1831905D9F400E29DBB /* Main_iPhone.storyboard */ = {
			isa = PBXVariantGroup;
			children = (
				C0DCB1841905D9F400E29DBB /* Base */,
			);
			name = Main_iPhone.storyboard;
			sourceTree = "<group>";
		};
		C0DCB1861905D9F400E29DBB /* Main_iPad.storyboard */ = {
			isa = PBXVariantGroup;
			children = (
				C0DCB1871905D9F400E29DBB /* Base */,
			);
			name = Main_iPad.storyboard;
			sourceTree = "<group>";
		};
		C0DCB19C1905D9F400E29DBB /* InfoPlist.strings */ = {
			isa = PBXVariantGroup;
			children = (
				C0DCB19D1905D9F400E29DBB /* en */,
			);
			name = InfoPlist.strings;
			sourceTree = "<group>";
		};
/* End PBXVariantGroup section */

/* Begin XCBuildConfiguration section */
		C0DCB1A11905D9F400E29DBB /* Debug */ = {
			isa = XCBuildConfiguration;
			buildSettings = {
				ALWAYS_SEARCH_USER_PATHS = NO;
				CLANG_CXX_LANGUAGE_STANDARD = "gnu++0x";
				CLANG_CXX_LIBRARY = "libc++";
				CLANG_ENABLE_MODULES = YES;
				CLANG_ENABLE_OBJC_ARC = YES;
				CLANG_WARN_BOOL_CONVERSION = YES;
				CLANG_WARN_CONSTANT_CONVERSION = YES;
				CLANG_WARN_DIRECT_OBJC_ISA_USAGE = YES_ERROR;
				CLANG_WARN_EMPTY_BODY = YES;
				CLANG_WARN_ENUM_CONVERSION = YES;
				CLANG_WARN_INT_CONVERSION = YES;
				CLANG_WARN_OBJC_ROOT_CLASS = YES_ERROR;
				CLANG_WARN__DUPLICATE_METHOD_MATCH = YES;
				CODE_SIGN_IDENTITY = "iPhone Developer: Susan Elias (V5452U9ZMN)";
				"CODE_SIGN_IDENTITY[sdk=iphoneos*]" = "iPhone Developer: Susan Elias (V5452U9ZMN)";
				COPY_PHASE_STRIP = NO;
				GCC_C_LANGUAGE_STANDARD = gnu99;
				GCC_DYNAMIC_NO_PIC = NO;
				GCC_OPTIMIZATION_LEVEL = 0;
				GCC_PREPROCESSOR_DEFINITIONS = (
					"DEBUG=1",
					"$(inherited)",
				);
				GCC_SYMBOLS_PRIVATE_EXTERN = NO;
				GCC_WARN_64_TO_32_BIT_CONVERSION = YES;
				GCC_WARN_ABOUT_RETURN_TYPE = YES_ERROR;
				GCC_WARN_UNDECLARED_SELECTOR = YES;
				GCC_WARN_UNINITIALIZED_AUTOS = YES_AGGRESSIVE;
				GCC_WARN_UNUSED_FUNCTION = YES;
				GCC_WARN_UNUSED_VARIABLE = YES;
				IPHONEOS_DEPLOYMENT_TARGET = 8.0;
				ONLY_ACTIVE_ARCH = YES;
				OTHER_LDFLAGS = "-ObjC";
				PRODUCT_NAME = "Talk Lists";
				PROVISIONING_PROFILE = "74431969-9220-488f-a6a2-dd5b8ea73c38";
				SDKROOT = iphoneos;
				TARGETED_DEVICE_FAMILY = "1,2";
				VALID_ARCHS = "armv7 armv7s,";
			};
			name = Debug;
		};
		C0DCB1A21905D9F400E29DBB /* Release */ = {
			isa = XCBuildConfiguration;
			buildSettings = {
				ALWAYS_SEARCH_USER_PATHS = NO;
				CLANG_CXX_LANGUAGE_STANDARD = "gnu++0x";
				CLANG_CXX_LIBRARY = "libc++";
				CLANG_ENABLE_MODULES = YES;
				CLANG_ENABLE_OBJC_ARC = YES;
				CLANG_WARN_BOOL_CONVERSION = YES;
				CLANG_WARN_CONSTANT_CONVERSION = YES;
				CLANG_WARN_DIRECT_OBJC_ISA_USAGE = YES_ERROR;
				CLANG_WARN_EMPTY_BODY = YES;
				CLANG_WARN_ENUM_CONVERSION = YES;
				CLANG_WARN_INT_CONVERSION = YES;
				CLANG_WARN_OBJC_ROOT_CLASS = YES_ERROR;
				CLANG_WARN__DUPLICATE_METHOD_MATCH = YES;
				CODE_SIGN_IDENTITY = "iPhone Distribution: Susan Elias (YUPQ2JVR7Q)";
				"CODE_SIGN_IDENTITY[sdk=iphoneos*]" = "iPhone Distribution: Susan Elias (YUPQ2JVR7Q)";
				COPY_PHASE_STRIP = YES;
				ENABLE_NS_ASSERTIONS = NO;
				GCC_C_LANGUAGE_STANDARD = gnu99;
				GCC_WARN_64_TO_32_BIT_CONVERSION = YES;
				GCC_WARN_ABOUT_RETURN_TYPE = YES_ERROR;
				GCC_WARN_UNDECLARED_SELECTOR = YES;
				GCC_WARN_UNINITIALIZED_AUTOS = YES_AGGRESSIVE;
				GCC_WARN_UNUSED_FUNCTION = YES;
				GCC_WARN_UNUSED_VARIABLE = YES;
				IPHONEOS_DEPLOYMENT_TARGET = 8.0;
				ONLY_ACTIVE_ARCH = NO;
				OTHER_LDFLAGS = "-ObjC";
				PRODUCT_NAME = "Talk Lists";
				PROVISIONING_PROFILE = "74431969-9220-488f-a6a2-dd5b8ea73c38";
				SDKROOT = iphoneos;
				TARGETED_DEVICE_FAMILY = "1,2";
				VALIDATE_PRODUCT = YES;
				VALID_ARCHS = "armv7 armv7s,";
			};
			name = Release;
		};
		C0DCB1A41905D9F400E29DBB /* Debug */ = {
			isa = XCBuildConfiguration;
			baseConfigurationReference = 5FA84C67E56C4BDCBB730AEF /* Pods.xcconfig */;
			buildSettings = {
				ARCHS = "$(ARCHS_STANDARD)";
				ASSETCATALOG_COMPILER_APPICON_NAME = AppIcon;
				ASSETCATALOG_COMPILER_LAUNCHIMAGE_NAME = LaunchImage;
				CODE_SIGN_IDENTITY = "iPhone Developer: Susan Elias (V5452U9ZMN)";
				"CODE_SIGN_IDENTITY[sdk=iphoneos*]" = "iPhone Developer: Susan Elias (V5452U9ZMN)";
				FRAMEWORK_SEARCH_PATHS = (
					"$(inherited)",
					/Users/susanelias/Documents/Developer/OpenEarsDistribution/Framework,
					/Users/susanelias/Documents/Developer/Rejecto,
					"$(PROJECT_DIR)/Framework",
					"$(PROJECT_DIR)",
				);
				GCC_PRECOMPILE_PREFIX_HEADER = YES;
				GCC_PREFIX_HEADER = "Talk Lists/Talk Lists-Prefix.pch";
				INFOPLIST_FILE = "Talk Lists/Talk Lists-Info.plist";
				IPHONEOS_DEPLOYMENT_TARGET = 7.0;
				LIBRARY_SEARCH_PATHS = (
					"$(inherited)",
					"$(PROJECT_DIR)",
					"$(PROJECT_DIR)/usr/lib",
				);
				ONLY_ACTIVE_ARCH = YES;
				PRODUCT_NAME = "Spoken Guides";
				PROVISIONING_PROFILE = "c3e680d8-c5a4-4678-8628-a712d9d74e14";
				SDKROOT = iphoneos;
				TARGETED_DEVICE_FAMILY = 1;
				VALID_ARCHS = "armv7 arm64 armv7s,";
				WRAPPER_EXTENSION = app;
			};
			name = Debug;
		};
		C0DCB1A51905D9F400E29DBB /* Release */ = {
			isa = XCBuildConfiguration;
			baseConfigurationReference = 5FA84C67E56C4BDCBB730AEF /* Pods.xcconfig */;
			buildSettings = {
				ARCHS = "$(ARCHS_STANDARD)";
				ASSETCATALOG_COMPILER_APPICON_NAME = AppIcon;
				ASSETCATALOG_COMPILER_LAUNCHIMAGE_NAME = LaunchImage;
				CODE_SIGN_IDENTITY = "iPhone Distribution: Susan Elias (YUPQ2JVR7Q)";
				"CODE_SIGN_IDENTITY[sdk=iphoneos*]" = "iPhone Distribution: Susan Elias (YUPQ2JVR7Q)";
				FRAMEWORK_SEARCH_PATHS = (
					"$(inherited)",
					/Users/susanelias/Documents/Developer/OpenEarsDistribution/Framework,
					/Users/susanelias/Documents/Developer/Rejecto,
					"$(PROJECT_DIR)/Framework",
					"$(PROJECT_DIR)",
				);
				GCC_PRECOMPILE_PREFIX_HEADER = YES;
				GCC_PREFIX_HEADER = "Talk Lists/Talk Lists-Prefix.pch";
				INFOPLIST_FILE = "Talk Lists/Talk Lists-Info.plist";
				IPHONEOS_DEPLOYMENT_TARGET = 7.0;
				LIBRARY_SEARCH_PATHS = (
					"$(inherited)",
					"$(PROJECT_DIR)",
					"$(PROJECT_DIR)/usr/lib",
				);
				ONLY_ACTIVE_ARCH = NO;
				PRODUCT_NAME = "Spoken Guides";
				PROVISIONING_PROFILE = "c3e680d8-c5a4-4678-8628-a712d9d74e14";
				SDKROOT = iphoneos;
				TARGETED_DEVICE_FAMILY = 1;
				VALID_ARCHS = "armv7 arm64 armv7s,";
				WRAPPER_EXTENSION = app;
			};
			name = Release;
		};
		C0DCB1A71905D9F400E29DBB /* Debug */ = {
			isa = XCBuildConfiguration;
			buildSettings = {
				BUNDLE_LOADER = "$(BUILT_PRODUCTS_DIR)/Talk Lists.app/Talk Lists";
				FRAMEWORK_SEARCH_PATHS = (
					"$(SDKROOT)/Developer/Library/Frameworks",
					"$(inherited)",
					"$(DEVELOPER_FRAMEWORKS_DIR)",
					"$(PROJECT_DIR)/Framework",
				);
				GCC_PRECOMPILE_PREFIX_HEADER = YES;
				GCC_PREFIX_HEADER = "Talk Lists/Talk Lists-Prefix.pch";
				GCC_PREPROCESSOR_DEFINITIONS = (
					"DEBUG=1",
					"$(inherited)",
				);
				HEADER_SEARCH_PATHS = (
					"$(inherited)",
					/Applications/Xcode.app/Contents/Developer/Toolchains/XcodeDefault.xctoolchain/usr/include,
					"$(SRCROOT)/usr/include/**",
					"\"${PODS_ROOT}/Headers\"",
				);
				"HEADER_SEARCH_PATHS[arch=*]" = (
					"$(inherited)",
					/Applications/Xcode.app/Contents/Developer/Toolchains/XcodeDefault.xctoolchain/usr/include,
					"$(SRCROOT)/usr/include/**",
					"\"${PODS_ROOT}/Headers\"",
				);
				INFOPLIST_FILE = "Talk ListsTests/Talk ListsTests-Info.plist";
				LIBRARY_SEARCH_PATHS = (
					"$(inherited)",
					"$(PROJECT_DIR)",
				);
				OTHER_CFLAGS = (
					"\"${PODS_ROOT}/Headers\"",
					"-isystem",
					"\"${PODS_ROOT}/Headers/Parse\"",
					"-isystem",
				);
				OTHER_LDFLAGS = (
					"-ObjC",
					"-framework",
					Parse,
				);
				POD_ROOT = "${SRCROOT}/Pods";
				PRODUCT_NAME = "$(TARGET_NAME)";
				TEST_HOST = "$(BUNDLE_LOADER)";
				WRAPPER_EXTENSION = xctest;
			};
			name = Debug;
		};
		C0DCB1A81905D9F400E29DBB /* Release */ = {
			isa = XCBuildConfiguration;
			buildSettings = {
				BUNDLE_LOADER = "$(BUILT_PRODUCTS_DIR)/Talk Lists.app/Talk Lists";
				FRAMEWORK_SEARCH_PATHS = (
					"$(SDKROOT)/Developer/Library/Frameworks",
					"$(inherited)",
					"$(DEVELOPER_FRAMEWORKS_DIR)",
				);
				GCC_PRECOMPILE_PREFIX_HEADER = YES;
				GCC_PREFIX_HEADER = "Talk Lists/Talk Lists-Prefix.pch";
				HEADER_SEARCH_PATHS = (
					"$(inherited)",
					/Applications/Xcode.app/Contents/Developer/Toolchains/XcodeDefault.xctoolchain/usr/include,
					"$(SRCROOT)/usr/include/**",
					"\"${PODS_ROOT}/Headers\"",
				);
				INFOPLIST_FILE = "Talk ListsTests/Talk ListsTests-Info.plist";
				LIBRARY_SEARCH_PATHS = (
					"$(inherited)",
					"$(PROJECT_DIR)",
				);
				OTHER_CFLAGS = (
					"\"${PODS_ROOT}/Headers\"",
					"-isystem",
					"\"${PODS_ROOT}/Headers/Parse\"",
					"-isystem",
				);
				POD_ROOT = "${SRCROOT}/Pods";
				PRODUCT_NAME = "$(TARGET_NAME)";
				TEST_HOST = "$(BUNDLE_LOADER)";
				WRAPPER_EXTENSION = xctest;
			};
			name = Release;
		};
/* End XCBuildConfiguration section */

/* Begin XCConfigurationList section */
		C0DCB1691905D9F400E29DBB /* Build configuration list for PBXProject "Spoken Guides" */ = {
			isa = XCConfigurationList;
			buildConfigurations = (
				C0DCB1A11905D9F400E29DBB /* Debug */,
				C0DCB1A21905D9F400E29DBB /* Release */,
			);
			defaultConfigurationIsVisible = 0;
			defaultConfigurationName = Release;
		};
		C0DCB1A31905D9F400E29DBB /* Build configuration list for PBXNativeTarget "Talk Lists" */ = {
			isa = XCConfigurationList;
			buildConfigurations = (
				C0DCB1A41905D9F400E29DBB /* Debug */,
				C0DCB1A51905D9F400E29DBB /* Release */,
			);
			defaultConfigurationIsVisible = 0;
			defaultConfigurationName = Release;
		};
		C0DCB1A61905D9F400E29DBB /* Build configuration list for PBXNativeTarget "Talk ListsTests" */ = {
			isa = XCConfigurationList;
			buildConfigurations = (
				C0DCB1A71905D9F400E29DBB /* Debug */,
				C0DCB1A81905D9F400E29DBB /* Release */,
			);
			defaultConfigurationIsVisible = 0;
			defaultConfigurationName = Release;
		};
/* End XCConfigurationList section */
	};
	rootObject = C0DCB1661905D9F400E29DBB /* Project object */;
}
